// !$*UTF8*$!
{
	archiveVersion = 1;
	classes = {
	};
	objectVersion = 50;
	objects = {

/* Begin PBXBuildFile section */
		0BDFE705430EACB35BBA7E98 /* Pods_trifle.framework in Frameworks */ = {isa = PBXBuildFile; fileRef = 1DD2F59BB967DC6161BB08E5 /* Pods_trifle.framework */; };
		EE02381C225F6CD8003235E9 /* PhotoBrowserViewController.swift in Sources */ = {isa = PBXBuildFile; fileRef = EE02381B225F6CD8003235E9 /* PhotoBrowserViewController.swift */; };
		EE02381E225F7220003235E9 /* PhotoBrowserPushlishViewCell.swift in Sources */ = {isa = PBXBuildFile; fileRef = EE02381D225F7220003235E9 /* PhotoBrowserPushlishViewCell.swift */; };
		EE0F345D226CC32A00BFD0B2 /* NewFeatureViewController.swift in Sources */ = {isa = PBXBuildFile; fileRef = EE0F345C226CC32A00BFD0B2 /* NewFeatureViewController.swift */; };
		EE2DD58E2253AF8B003EA4C2 /* PictrueCollectionView.swift in Sources */ = {isa = PBXBuildFile; fileRef = EE2DD58D2253AF8B003EA4C2 /* PictrueCollectionView.swift */; };
		EE2DD59E2253B243003EA4C2 /* TitleBtn.swift in Sources */ = {isa = PBXBuildFile; fileRef = EE2DD59A2253B242003EA4C2 /* TitleBtn.swift */; };
		EE473BB3224F601E004C05E0 /* NetWorkTool.swift in Sources */ = {isa = PBXBuildFile; fileRef = EE473BB2224F601D004C05E0 /* NetWorkTool.swift */; };
		EE473BC6224F6114004C05E0 /* libSocialQQ.a in Frameworks */ = {isa = PBXBuildFile; fileRef = EE473BB9224F6114004C05E0 /* libSocialQQ.a */; };
		EE473BC7224F6114004C05E0 /* libSocialSina.a in Frameworks */ = {isa = PBXBuildFile; fileRef = EE473BBC224F6114004C05E0 /* libSocialSina.a */; };
		EE473BC8224F6114004C05E0 /* libSocialWeChat.a in Frameworks */ = {isa = PBXBuildFile; fileRef = EE473BBF224F6114004C05E0 /* libSocialWeChat.a */; };
		EE473BC9224F6114004C05E0 /* UMCommon.framework in Frameworks */ = {isa = PBXBuildFile; fileRef = EE473BC1224F6114004C05E0 /* UMCommon.framework */; };
		EE473BCA224F6114004C05E0 /* UMShare.framework in Frameworks */ = {isa = PBXBuildFile; fileRef = EE473BC2224F6114004C05E0 /* UMShare.framework */; };
		EE473BCB224F6114004C05E0 /* UMSocialSDKResources.bundle in Resources */ = {isa = PBXBuildFile; fileRef = EE473BC4224F6114004C05E0 /* UMSocialSDKResources.bundle */; };
		EE473BCC224F6114004C05E0 /* UShareUI.framework in Frameworks */ = {isa = PBXBuildFile; fileRef = EE473BC5224F6114004C05E0 /* UShareUI.framework */; };
		EE473BCE224F61C0004C05E0 /* Photos.framework in Frameworks */ = {isa = PBXBuildFile; fileRef = EE473BCD224F61C0004C05E0 /* Photos.framework */; };
		EE473BD0224F61CB004C05E0 /* ImageIO.framework in Frameworks */ = {isa = PBXBuildFile; fileRef = EE473BCF224F61CB004C05E0 /* ImageIO.framework */; };
		EE473BD2224F61D8004C05E0 /* libz.tbd in Frameworks */ = {isa = PBXBuildFile; fileRef = EE473BD1224F61D8004C05E0 /* libz.tbd */; };
		EE473BD4224F61E3004C05E0 /* libc++.tbd in Frameworks */ = {isa = PBXBuildFile; fileRef = EE473BD3224F61E3004C05E0 /* libc++.tbd */; };
		EE473BD6224F61F2004C05E0 /* CoreTelephony.framework in Frameworks */ = {isa = PBXBuildFile; fileRef = EE473BD5224F61F1004C05E0 /* CoreTelephony.framework */; };
		EE473BD8224F61FC004C05E0 /* SystemConfiguration.framework in Frameworks */ = {isa = PBXBuildFile; fileRef = EE473BD7224F61FC004C05E0 /* SystemConfiguration.framework */; };
		EE473BDA224F6209004C05E0 /* CoreGraphics.framework in Frameworks */ = {isa = PBXBuildFile; fileRef = EE473BD9224F6208004C05E0 /* CoreGraphics.framework */; };
		EE473BDC224F621A004C05E0 /* libsqlite3.tbd in Frameworks */ = {isa = PBXBuildFile; fileRef = EE473BDB224F621A004C05E0 /* libsqlite3.tbd */; };
		EE473BE0224F6D04004C05E0 /* UserAccount.swift in Sources */ = {isa = PBXBuildFile; fileRef = EE473BDF224F6D04004C05E0 /* UserAccount.swift */; };
		EE473BE2224F7F7B004C05E0 /* UserAccountTool.swift in Sources */ = {isa = PBXBuildFile; fileRef = EE473BE1224F7F7B004C05E0 /* UserAccountTool.swift */; };
		EE473BE6224F8270004C05E0 /* WelComeViewController.swift in Sources */ = {isa = PBXBuildFile; fileRef = EE473BE4224F8270004C05E0 /* WelComeViewController.swift */; };
		EE473BE7224F8270004C05E0 /* WelComeViewController.xib in Resources */ = {isa = PBXBuildFile; fileRef = EE473BE5224F8270004C05E0 /* WelComeViewController.xib */; };
		EE5109972271FD6300076127 /* NewCommentControllViewController.swift in Sources */ = {isa = PBXBuildFile; fileRef = EE5109962271FD6300076127 /* NewCommentControllViewController.swift */; };
		EE5109992271FD8600076127 /* NewCommentControllViewController.storyboard in Resources */ = {isa = PBXBuildFile; fileRef = EE5109982271FD8600076127 /* NewCommentControllViewController.storyboard */; };
		EE51099B227202E600076127 /* NewCommentCell.swift in Sources */ = {isa = PBXBuildFile; fileRef = EE51099A227202E600076127 /* NewCommentCell.swift */; };
		EE51099D2272066800076127 /* NewCommentCell.xib in Resources */ = {isa = PBXBuildFile; fileRef = EE51099C2272066800076127 /* NewCommentCell.xib */; };
		EE5F5702225EDD9700BC1FC1 /* photoPicpickerCollectionViewCell.swift in Sources */ = {isa = PBXBuildFile; fileRef = EE5F5700225EDD9700BC1FC1 /* photoPicpickerCollectionViewCell.swift */; };
		EE5F5703225EDD9700BC1FC1 /* photoPicpickerCollectionViewCell.xib in Resources */ = {isa = PBXBuildFile; fileRef = EE5F5701225EDD9700BC1FC1 /* photoPicpickerCollectionViewCell.xib */; };
		EE6971CC225306E9005871F6 /* Status.swift in Sources */ = {isa = PBXBuildFile; fileRef = EE6971CB225306E9005871F6 /* Status.swift */; };
		EE6971CE22530B2C005871F6 /* HotViewController.storyboard in Resources */ = {isa = PBXBuildFile; fileRef = EE6971CD22530B2C005871F6 /* HotViewController.storyboard */; };
		EE6971D022531150005871F6 /* NSDate-Extension.swift in Sources */ = {isa = PBXBuildFile; fileRef = EE6971CF22531150005871F6 /* NSDate-Extension.swift */; };
		EE6971D2225312D4005871F6 /* User.swift in Sources */ = {isa = PBXBuildFile; fileRef = EE6971D1225312D4005871F6 /* User.swift */; };
		EE6971D4225315B1005871F6 /* StatusViewTool.swift in Sources */ = {isa = PBXBuildFile; fileRef = EE6971D3225315B1005871F6 /* StatusViewTool.swift */; };
		EE6971D622533CCC005871F6 /* HotViewCell.swift in Sources */ = {isa = PBXBuildFile; fileRef = EE6971D522533CCC005871F6 /* HotViewCell.swift */; };
		EE76EF1E2260D9A600881C98 /* Common.swift in Sources */ = {isa = PBXBuildFile; fileRef = EE76EF1D2260D9A600881C98 /* Common.swift */; };
		EE872AB1227040AD00D6044A /* HomeNavigationController.swift in Sources */ = {isa = PBXBuildFile; fileRef = EE872AB0227040AD00D6044A /* HomeNavigationController.swift */; };
		EE8EB3892265BE2300A1EB2D /* PhotoBrowserAnimator.swift in Sources */ = {isa = PBXBuildFile; fileRef = EE8EB3882265BE2300A1EB2D /* PhotoBrowserAnimator.swift */; };
		EE904A55225B7DB30098EF39 /* PublishViewController.swift in Sources */ = {isa = PBXBuildFile; fileRef = EE904A53225B7DB30098EF39 /* PublishViewController.swift */; };
		EE904A56225B7DB30098EF39 /* PublishViewController.xib in Resources */ = {isa = PBXBuildFile; fileRef = EE904A54225B7DB30098EF39 /* PublishViewController.xib */; };
		EE904A58225B80810098EF39 /* ComposeTitleView.swift in Sources */ = {isa = PBXBuildFile; fileRef = EE904A57225B80810098EF39 /* ComposeTitleView.swift */; };
		EE904A5A225B844C0098EF39 /* ComposeTextView.swift in Sources */ = {isa = PBXBuildFile; fileRef = EE904A59225B844C0098EF39 /* ComposeTextView.swift */; };
		EE9B25A2225C749800EB3049 /* PhotoPickerViewController.swift in Sources */ = {isa = PBXBuildFile; fileRef = EE9B25A1225C749800EB3049 /* PhotoPickerViewController.swift */; };
		EE9B25A4225C74A300EB3049 /* PhotoPickerViewController.storyboard in Resources */ = {isa = PBXBuildFile; fileRef = EE9B25A3225C74A300EB3049 /* PhotoPickerViewController.storyboard */; };
		EE9B25A8225C80D300EB3049 /* TitleViewBtn.swift in Sources */ = {isa = PBXBuildFile; fileRef = EE9B25A7225C80D300EB3049 /* TitleViewBtn.swift */; };
		EE9CD40E225E3E6A00041EC7 /* TitleViewCell.swift in Sources */ = {isa = PBXBuildFile; fileRef = EE9CD40C225E3E6A00041EC7 /* TitleViewCell.swift */; };
		EE9CD40F225E3E6A00041EC7 /* TitleViewCell.xib in Resources */ = {isa = PBXBuildFile; fileRef = EE9CD40D225E3E6A00041EC7 /* TitleViewCell.xib */; };
		EE9CD411225E474C00041EC7 /* photoMessage.swift in Sources */ = {isa = PBXBuildFile; fileRef = EE9CD410225E474C00041EC7 /* photoMessage.swift */; };
		EEAD55DB226B1EBF00DF5346 /* BaseTableViewController.swift in Sources */ = {isa = PBXBuildFile; fileRef = EEAD55CE226B1EBF00DF5346 /* BaseTableViewController.swift */; };
		EEAD55DC226B1EBF00DF5346 /* ColorUtility.m in Sources */ = {isa = PBXBuildFile; fileRef = EEAD55D1226B1EBF00DF5346 /* ColorUtility.m */; };
		EEAD55DD226B1EBF00DF5346 /* HMSegmentedControl.m in Sources */ = {isa = PBXBuildFile; fileRef = EEAD55D3226B1EBF00DF5346 /* HMSegmentedControl.m */; };
		EEAD55DE226B1EBF00DF5346 /* CommualHeaderView.swift in Sources */ = {isa = PBXBuildFile; fileRef = EEAD55D4226B1EBF00DF5346 /* CommualHeaderView.swift */; };
		EEAD55DF226B1EBF00DF5346 /* CommualHeaderView.xib in Resources */ = {isa = PBXBuildFile; fileRef = EEAD55D5226B1EBF00DF5346 /* CommualHeaderView.xib */; };
		EEAD55E0226B1EBF00DF5346 /* HomePageViewController.swift in Sources */ = {isa = PBXBuildFile; fileRef = EEAD55D6226B1EBF00DF5346 /* HomePageViewController.swift */; };
		EEAD55E1226B1EBF00DF5346 /* LeftTableViewController.swift in Sources */ = {isa = PBXBuildFile; fileRef = EEAD55D7226B1EBF00DF5346 /* LeftTableViewController.swift */; };
		EEAD55E2226B1EBF00DF5346 /* MiddleTableViewController.swift in Sources */ = {isa = PBXBuildFile; fileRef = EEAD55D8226B1EBF00DF5346 /* MiddleTableViewController.swift */; };
		EEAD55E3226B1EBF00DF5346 /* NavigationController.swift in Sources */ = {isa = PBXBuildFile; fileRef = EEAD55D9226B1EBF00DF5346 /* NavigationController.swift */; };
		EEAD55E4226B1EBF00DF5346 /* RightTableViewController.swift in Sources */ = {isa = PBXBuildFile; fileRef = EEAD55DA226B1EBF00DF5346 /* RightTableViewController.swift */; };
		EEBC4FDB224B76420058B4E5 /* AppDelegate.swift in Sources */ = {isa = PBXBuildFile; fileRef = EEBC4FDA224B76420058B4E5 /* AppDelegate.swift */; };
		EEBC4FDD224B76420058B4E5 /* ViewController.swift in Sources */ = {isa = PBXBuildFile; fileRef = EEBC4FDC224B76420058B4E5 /* ViewController.swift */; };
		EEBC4FE2224B76450058B4E5 /* Assets.xcassets in Resources */ = {isa = PBXBuildFile; fileRef = EEBC4FE1224B76450058B4E5 /* Assets.xcassets */; };
		EEBC4FE5224B76460058B4E5 /* LaunchScreen.storyboard in Resources */ = {isa = PBXBuildFile; fileRef = EEBC4FE3224B76460058B4E5 /* LaunchScreen.storyboard */; };
		EEBC500D224B76FC0058B4E5 /* CloseViewController.swift in Sources */ = {isa = PBXBuildFile; fileRef = EEBC4FEF224B76FC0058B4E5 /* CloseViewController.swift */; };
		EEBC500E224B76FC0058B4E5 /* HomeViewController.swift in Sources */ = {isa = PBXBuildFile; fileRef = EEBC4FF0224B76FC0058B4E5 /* HomeViewController.swift */; };
		EEBC500F224B76FC0058B4E5 /* HotViewController.swift in Sources */ = {isa = PBXBuildFile; fileRef = EEBC4FF1224B76FC0058B4E5 /* HotViewController.swift */; };
		EEBC5011224B76FC0058B4E5 /* PopoverAnimator.swift in Sources */ = {isa = PBXBuildFile; fileRef = EEBC4FF7224B76FC0058B4E5 /* PopoverAnimator.swift */; };
		EEBC5012224B76FC0058B4E5 /* PopoverViewController.swift in Sources */ = {isa = PBXBuildFile; fileRef = EEBC4FF8224B76FC0058B4E5 /* PopoverViewController.swift */; };
		EEBC5013224B76FC0058B4E5 /* PopoverViewController.xib in Resources */ = {isa = PBXBuildFile; fileRef = EEBC4FF9224B76FC0058B4E5 /* PopoverViewController.xib */; };
		EEBC5014224B76FC0058B4E5 /* TFEPresenttationController.swift in Sources */ = {isa = PBXBuildFile; fileRef = EEBC4FFA224B76FC0058B4E5 /* TFEPresenttationController.swift */; };
		EEBC5016224B76FC0058B4E5 /* titleScrollView.swift in Sources */ = {isa = PBXBuildFile; fileRef = EEBC4FFD224B76FC0058B4E5 /* titleScrollView.swift */; };
		EEBC5017224B76FC0058B4E5 /* MainViewController.swift in Sources */ = {isa = PBXBuildFile; fileRef = EEBC4FFF224B76FC0058B4E5 /* MainViewController.swift */; };
		EEBC5018224B76FC0058B4E5 /* BaseViewController.swift in Sources */ = {isa = PBXBuildFile; fileRef = EEBC5001224B76FC0058B4E5 /* BaseViewController.swift */; };
		EEBC5019224B76FC0058B4E5 /* VisitorView.swift in Sources */ = {isa = PBXBuildFile; fileRef = EEBC5002224B76FC0058B4E5 /* VisitorView.swift */; };
		EEBC501A224B76FC0058B4E5 /* VisitorView.xib in Resources */ = {isa = PBXBuildFile; fileRef = EEBC5003224B76FC0058B4E5 /* VisitorView.xib */; };
		EEBC501B224B76FC0058B4E5 /* Profile.storyboard in Resources */ = {isa = PBXBuildFile; fileRef = EEBC5005224B76FC0058B4E5 /* Profile.storyboard */; };
		EEBC501D224B76FC0058B4E5 /* Null.storyboard in Resources */ = {isa = PBXBuildFile; fileRef = EEBC5008224B76FC0058B4E5 /* Null.storyboard */; };
		EEBC501E224B76FC0058B4E5 /* UIButton+Extension.swift in Sources */ = {isa = PBXBuildFile; fileRef = EEBC500C224B76FC0058B4E5 /* UIButton+Extension.swift */; };
		EEBC5020224B774F0058B4E5 /* Main.storyboard in Resources */ = {isa = PBXBuildFile; fileRef = EEBC501F224B774F0058B4E5 /* Main.storyboard */; };
		EEBD6F16226DAD1F001BF5D1 /* ADViewController.swift in Sources */ = {isa = PBXBuildFile; fileRef = EEBD6F15226DAD1F001BF5D1 /* ADViewController.swift */; };
		EEBD6F40226DF1FE001BF5D1 /* GestureView.swift in Sources */ = {isa = PBXBuildFile; fileRef = EEBD6F3D226DF1FE001BF5D1 /* GestureView.swift */; };
		EEBD6F41226DF1FE001BF5D1 /* GestureViewController.storyboard in Resources */ = {isa = PBXBuildFile; fileRef = EEBD6F3E226DF1FE001BF5D1 /* GestureViewController.storyboard */; };
		EEBD6F42226DF1FE001BF5D1 /* GestureViewController.swift in Sources */ = {isa = PBXBuildFile; fileRef = EEBD6F3F226DF1FE001BF5D1 /* GestureViewController.swift */; };
		EEC72F0222655C1F00A51259 /* ProgressView.swift in Sources */ = {isa = PBXBuildFile; fileRef = EEC72F0122655C1F00A51259 /* ProgressView.swift */; };
		EEC7AB43224D10DE0048A022 /* RegisterLoginViewController.swift in Sources */ = {isa = PBXBuildFile; fileRef = EEC7AB41224D10DE0048A022 /* RegisterLoginViewController.swift */; };
		EEC7AB44224D10DE0048A022 /* RegisterLoginViewController.xib in Resources */ = {isa = PBXBuildFile; fileRef = EEC7AB42224D10DE0048A022 /* RegisterLoginViewController.xib */; };
		EEC7AB48224D18FE0048A022 /* LoginView.swift in Sources */ = {isa = PBXBuildFile; fileRef = EEC7AB47224D18FE0048A022 /* LoginView.swift */; };
		EEC7AB4A224D19070048A022 /* LoginView.xib in Resources */ = {isa = PBXBuildFile; fileRef = EEC7AB49224D19070048A022 /* LoginView.xib */; };
		EEC7AB4C224D24B50048A022 /* FastLoginView.swift in Sources */ = {isa = PBXBuildFile; fileRef = EEC7AB4B224D24B50048A022 /* FastLoginView.swift */; };
		EEC7AB4E224D24BE0048A022 /* FastLoginView.xib in Resources */ = {isa = PBXBuildFile; fileRef = EEC7AB4D224D24BE0048A022 /* FastLoginView.xib */; };
		EEC7AB50224D29830048A022 /* FastButton.swift in Sources */ = {isa = PBXBuildFile; fileRef = EEC7AB4F224D29830048A022 /* FastButton.swift */; };
		EEDC0AC422647142000DA3B9 /* FineEmoticon.swift in Sources */ = {isa = PBXBuildFile; fileRef = EEDC0AC322647142000DA3B9 /* FineEmoticon.swift */; };
		EEDC0AC62264AD0E000DA3B9 /* HYLabel.swift in Sources */ = {isa = PBXBuildFile; fileRef = EEDC0AC52264AD0E000DA3B9 /* HYLabel.swift */; };
		EEDC0ACA2264B076000DA3B9 /* Home.storyboard in Resources */ = {isa = PBXBuildFile; fileRef = EEDC0AC82264B076000DA3B9 /* Home.storyboard */; };
		EEDC0ACD2264BBBB000DA3B9 /* PhotoBrowserController.swift in Sources */ = {isa = PBXBuildFile; fileRef = EEDC0ACC2264BBBB000DA3B9 /* PhotoBrowserController.swift */; };
		EEDC0ACF2264C61E000DA3B9 /* PhotoBrowserCollectionViewCell.swift in Sources */ = {isa = PBXBuildFile; fileRef = EEDC0ACE2264C61E000DA3B9 /* PhotoBrowserCollectionViewCell.swift */; };
		EEE346D9226F47D400476D71 /* Comment.swift in Sources */ = {isa = PBXBuildFile; fileRef = EEE346D3226F47D400476D71 /* Comment.swift */; };
		EEE346DA226F47D400476D71 /* CommentUser.swift in Sources */ = {isa = PBXBuildFile; fileRef = EEE346D4226F47D400476D71 /* CommentUser.swift */; };
		EEF32E1A225C289700FA1E24 /* PicpickerCollectionView.swift in Sources */ = {isa = PBXBuildFile; fileRef = EEF32E19225C289700FA1E24 /* PicpickerCollectionView.swift */; };
		EEF32E1D225C2D6C00FA1E24 /* PicpickerCollectionViewCell.swift in Sources */ = {isa = PBXBuildFile; fileRef = EEF32E1B225C2D6C00FA1E24 /* PicpickerCollectionViewCell.swift */; };
		EEF32E1E225C2D6C00FA1E24 /* PicpickerCollectionViewCell.xib in Resources */ = {isa = PBXBuildFile; fileRef = EEF32E1C225C2D6C00FA1E24 /* PicpickerCollectionViewCell.xib */; };
		EEFDD5452263223D00C43083 /* EmoticonController.swift in Sources */ = {isa = PBXBuildFile; fileRef = EEFDD53C2263223C00C43083 /* EmoticonController.swift */; };
		EEFDD5462263223D00C43083 /* Emoticons.bundle in Resources */ = {isa = PBXBuildFile; fileRef = EEFDD53D2263223C00C43083 /* Emoticons.bundle */; };
		EEFDD5472263223D00C43083 /* EmotiViewCell.swift in Sources */ = {isa = PBXBuildFile; fileRef = EEFDD53E2263223C00C43083 /* EmotiViewCell.swift */; };
		EEFDD5482263223D00C43083 /* Emoticon.swift in Sources */ = {isa = PBXBuildFile; fileRef = EEFDD5402263223C00C43083 /* Emoticon.swift */; };
		EEFDD5492263223D00C43083 /* EmoticonManager.swift in Sources */ = {isa = PBXBuildFile; fileRef = EEFDD5412263223C00C43083 /* EmoticonManager.swift */; };
		EEFDD54A2263223D00C43083 /* EmoticonPackage.swift in Sources */ = {isa = PBXBuildFile; fileRef = EEFDD5422263223C00C43083 /* EmoticonPackage.swift */; };
		EEFDD54B2263223D00C43083 /* MyTextAttachment.swift in Sources */ = {isa = PBXBuildFile; fileRef = EEFDD5432263223C00C43083 /* MyTextAttachment.swift */; };
		EEFDD54C2263223D00C43083 /* UITextView-Extension.swift in Sources */ = {isa = PBXBuildFile; fileRef = EEFDD5442263223C00C43083 /* UITextView-Extension.swift */; };
/* End PBXBuildFile section */

/* Begin PBXFileReference section */
		1DD2F59BB967DC6161BB08E5 /* Pods_trifle.framework */ = {isa = PBXFileReference; explicitFileType = wrapper.framework; includeInIndex = 0; path = Pods_trifle.framework; sourceTree = BUILT_PRODUCTS_DIR; };
		24F878CE69EC4654A40E1849 /* Pods-trifle.debug.xcconfig */ = {isa = PBXFileReference; includeInIndex = 1; lastKnownFileType = text.xcconfig; name = "Pods-trifle.debug.xcconfig"; path = "Pods/Target Support Files/Pods-trifle/Pods-trifle.debug.xcconfig"; sourceTree = "<group>"; };
		C78711366A7DD71286E73C2A /* Pods-trifle.release.xcconfig */ = {isa = PBXFileReference; includeInIndex = 1; lastKnownFileType = text.xcconfig; name = "Pods-trifle.release.xcconfig"; path = "Pods/Target Support Files/Pods-trifle/Pods-trifle.release.xcconfig"; sourceTree = "<group>"; };
		EE02381B225F6CD8003235E9 /* PhotoBrowserViewController.swift */ = {isa = PBXFileReference; lastKnownFileType = sourcecode.swift; path = PhotoBrowserViewController.swift; sourceTree = "<group>"; };
		EE02381D225F7220003235E9 /* PhotoBrowserPushlishViewCell.swift */ = {isa = PBXFileReference; lastKnownFileType = sourcecode.swift; path = PhotoBrowserPushlishViewCell.swift; sourceTree = "<group>"; };
		EE0F345C226CC32A00BFD0B2 /* NewFeatureViewController.swift */ = {isa = PBXFileReference; lastKnownFileType = sourcecode.swift; path = NewFeatureViewController.swift; sourceTree = "<group>"; };
		EE2DD58D2253AF8B003EA4C2 /* PictrueCollectionView.swift */ = {isa = PBXFileReference; lastKnownFileType = sourcecode.swift; path = PictrueCollectionView.swift; sourceTree = "<group>"; };
		EE2DD59A2253B242003EA4C2 /* TitleBtn.swift */ = {isa = PBXFileReference; fileEncoding = 4; lastKnownFileType = sourcecode.swift; path = TitleBtn.swift; sourceTree = "<group>"; };
		EE473BB2224F601D004C05E0 /* NetWorkTool.swift */ = {isa = PBXFileReference; fileEncoding = 4; lastKnownFileType = sourcecode.swift; path = NetWorkTool.swift; sourceTree = "<group>"; };
		EE473BB9224F6114004C05E0 /* libSocialQQ.a */ = {isa = PBXFileReference; lastKnownFileType = archive.ar; path = libSocialQQ.a; sourceTree = "<group>"; };
		EE473BBA224F6114004C05E0 /* UMSocialQQHandler.h */ = {isa = PBXFileReference; fileEncoding = 4; lastKnownFileType = sourcecode.c.h; path = UMSocialQQHandler.h; sourceTree = "<group>"; };
		EE473BBC224F6114004C05E0 /* libSocialSina.a */ = {isa = PBXFileReference; lastKnownFileType = archive.ar; path = libSocialSina.a; sourceTree = "<group>"; };
		EE473BBD224F6114004C05E0 /* UMSocialSinaHandler.h */ = {isa = PBXFileReference; fileEncoding = 4; lastKnownFileType = sourcecode.c.h; path = UMSocialSinaHandler.h; sourceTree = "<group>"; };
		EE473BBF224F6114004C05E0 /* libSocialWeChat.a */ = {isa = PBXFileReference; lastKnownFileType = archive.ar; path = libSocialWeChat.a; sourceTree = "<group>"; };
		EE473BC0224F6114004C05E0 /* UMSocialWechatHandler.h */ = {isa = PBXFileReference; fileEncoding = 4; lastKnownFileType = sourcecode.c.h; path = UMSocialWechatHandler.h; sourceTree = "<group>"; };
		EE473BC1224F6114004C05E0 /* UMCommon.framework */ = {isa = PBXFileReference; lastKnownFileType = wrapper.framework; path = UMCommon.framework; sourceTree = "<group>"; };
		EE473BC2224F6114004C05E0 /* UMShare.framework */ = {isa = PBXFileReference; lastKnownFileType = wrapper.framework; path = UMShare.framework; sourceTree = "<group>"; };
		EE473BC4224F6114004C05E0 /* UMSocialSDKResources.bundle */ = {isa = PBXFileReference; lastKnownFileType = "wrapper.plug-in"; path = UMSocialSDKResources.bundle; sourceTree = "<group>"; };
		EE473BC5224F6114004C05E0 /* UShareUI.framework */ = {isa = PBXFileReference; lastKnownFileType = wrapper.framework; path = UShareUI.framework; sourceTree = "<group>"; };
		EE473BCD224F61C0004C05E0 /* Photos.framework */ = {isa = PBXFileReference; lastKnownFileType = wrapper.framework; name = Photos.framework; path = System/Library/Frameworks/Photos.framework; sourceTree = SDKROOT; };
		EE473BCF224F61CB004C05E0 /* ImageIO.framework */ = {isa = PBXFileReference; lastKnownFileType = wrapper.framework; name = ImageIO.framework; path = System/Library/Frameworks/ImageIO.framework; sourceTree = SDKROOT; };
		EE473BD1224F61D8004C05E0 /* libz.tbd */ = {isa = PBXFileReference; lastKnownFileType = "sourcecode.text-based-dylib-definition"; name = libz.tbd; path = usr/lib/libz.tbd; sourceTree = SDKROOT; };
		EE473BD3224F61E3004C05E0 /* libc++.tbd */ = {isa = PBXFileReference; lastKnownFileType = "sourcecode.text-based-dylib-definition"; name = "libc++.tbd"; path = "usr/lib/libc++.tbd"; sourceTree = SDKROOT; };
		EE473BD5224F61F1004C05E0 /* CoreTelephony.framework */ = {isa = PBXFileReference; lastKnownFileType = wrapper.framework; name = CoreTelephony.framework; path = System/Library/Frameworks/CoreTelephony.framework; sourceTree = SDKROOT; };
		EE473BD7224F61FC004C05E0 /* SystemConfiguration.framework */ = {isa = PBXFileReference; lastKnownFileType = wrapper.framework; name = SystemConfiguration.framework; path = System/Library/Frameworks/SystemConfiguration.framework; sourceTree = SDKROOT; };
		EE473BD9224F6208004C05E0 /* CoreGraphics.framework */ = {isa = PBXFileReference; lastKnownFileType = wrapper.framework; name = CoreGraphics.framework; path = System/Library/Frameworks/CoreGraphics.framework; sourceTree = SDKROOT; };
		EE473BDB224F621A004C05E0 /* libsqlite3.tbd */ = {isa = PBXFileReference; lastKnownFileType = "sourcecode.text-based-dylib-definition"; name = libsqlite3.tbd; path = usr/lib/libsqlite3.tbd; sourceTree = SDKROOT; };
		EE473BDD224F6317004C05E0 /* bridge.h */ = {isa = PBXFileReference; fileEncoding = 4; lastKnownFileType = sourcecode.c.h; path = bridge.h; sourceTree = "<group>"; };
		EE473BDF224F6D04004C05E0 /* UserAccount.swift */ = {isa = PBXFileReference; lastKnownFileType = sourcecode.swift; path = UserAccount.swift; sourceTree = "<group>"; };
		EE473BE1224F7F7B004C05E0 /* UserAccountTool.swift */ = {isa = PBXFileReference; lastKnownFileType = sourcecode.swift; path = UserAccountTool.swift; sourceTree = "<group>"; };
		EE473BE4224F8270004C05E0 /* WelComeViewController.swift */ = {isa = PBXFileReference; fileEncoding = 4; lastKnownFileType = sourcecode.swift; path = WelComeViewController.swift; sourceTree = "<group>"; };
		EE473BE5224F8270004C05E0 /* WelComeViewController.xib */ = {isa = PBXFileReference; fileEncoding = 4; lastKnownFileType = file.xib; path = WelComeViewController.xib; sourceTree = "<group>"; };
		EE5109962271FD6300076127 /* NewCommentControllViewController.swift */ = {isa = PBXFileReference; lastKnownFileType = sourcecode.swift; path = NewCommentControllViewController.swift; sourceTree = "<group>"; };
		EE5109982271FD8600076127 /* NewCommentControllViewController.storyboard */ = {isa = PBXFileReference; lastKnownFileType = file.storyboard; path = NewCommentControllViewController.storyboard; sourceTree = "<group>"; };
		EE51099A227202E600076127 /* NewCommentCell.swift */ = {isa = PBXFileReference; lastKnownFileType = sourcecode.swift; path = NewCommentCell.swift; sourceTree = "<group>"; };
		EE51099C2272066800076127 /* NewCommentCell.xib */ = {isa = PBXFileReference; lastKnownFileType = file.xib; path = NewCommentCell.xib; sourceTree = "<group>"; };
		EE5F5700225EDD9700BC1FC1 /* photoPicpickerCollectionViewCell.swift */ = {isa = PBXFileReference; lastKnownFileType = sourcecode.swift; path = photoPicpickerCollectionViewCell.swift; sourceTree = "<group>"; };
		EE5F5701225EDD9700BC1FC1 /* photoPicpickerCollectionViewCell.xib */ = {isa = PBXFileReference; lastKnownFileType = file.xib; path = photoPicpickerCollectionViewCell.xib; sourceTree = "<group>"; };
		EE6971CB225306E9005871F6 /* Status.swift */ = {isa = PBXFileReference; lastKnownFileType = sourcecode.swift; path = Status.swift; sourceTree = "<group>"; };
		EE6971CD22530B2C005871F6 /* HotViewController.storyboard */ = {isa = PBXFileReference; lastKnownFileType = file.storyboard; path = HotViewController.storyboard; sourceTree = "<group>"; };
		EE6971CF22531150005871F6 /* NSDate-Extension.swift */ = {isa = PBXFileReference; fileEncoding = 4; lastKnownFileType = sourcecode.swift; path = "NSDate-Extension.swift"; sourceTree = "<group>"; };
		EE6971D1225312D4005871F6 /* User.swift */ = {isa = PBXFileReference; lastKnownFileType = sourcecode.swift; path = User.swift; sourceTree = "<group>"; };
		EE6971D3225315B1005871F6 /* StatusViewTool.swift */ = {isa = PBXFileReference; lastKnownFileType = sourcecode.swift; path = StatusViewTool.swift; sourceTree = "<group>"; };
		EE6971D522533CCC005871F6 /* HotViewCell.swift */ = {isa = PBXFileReference; lastKnownFileType = sourcecode.swift; path = HotViewCell.swift; sourceTree = "<group>"; };
		EE76EF1D2260D9A600881C98 /* Common.swift */ = {isa = PBXFileReference; lastKnownFileType = sourcecode.swift; path = Common.swift; sourceTree = "<group>"; };
		EE872AB0227040AD00D6044A /* HomeNavigationController.swift */ = {isa = PBXFileReference; lastKnownFileType = sourcecode.swift; path = HomeNavigationController.swift; sourceTree = "<group>"; };
		EE8EB3882265BE2300A1EB2D /* PhotoBrowserAnimator.swift */ = {isa = PBXFileReference; lastKnownFileType = sourcecode.swift; path = PhotoBrowserAnimator.swift; sourceTree = "<group>"; };
		EE904A53225B7DB30098EF39 /* PublishViewController.swift */ = {isa = PBXFileReference; lastKnownFileType = sourcecode.swift; path = PublishViewController.swift; sourceTree = "<group>"; };
		EE904A54225B7DB30098EF39 /* PublishViewController.xib */ = {isa = PBXFileReference; lastKnownFileType = file.xib; path = PublishViewController.xib; sourceTree = "<group>"; };
		EE904A57225B80810098EF39 /* ComposeTitleView.swift */ = {isa = PBXFileReference; lastKnownFileType = sourcecode.swift; path = ComposeTitleView.swift; sourceTree = "<group>"; };
		EE904A59225B844C0098EF39 /* ComposeTextView.swift */ = {isa = PBXFileReference; lastKnownFileType = sourcecode.swift; path = ComposeTextView.swift; sourceTree = "<group>"; };
		EE9B25A1225C749800EB3049 /* PhotoPickerViewController.swift */ = {isa = PBXFileReference; lastKnownFileType = sourcecode.swift; path = PhotoPickerViewController.swift; sourceTree = "<group>"; };
		EE9B25A3225C74A300EB3049 /* PhotoPickerViewController.storyboard */ = {isa = PBXFileReference; lastKnownFileType = file.storyboard; path = PhotoPickerViewController.storyboard; sourceTree = "<group>"; };
		EE9B25A7225C80D300EB3049 /* TitleViewBtn.swift */ = {isa = PBXFileReference; lastKnownFileType = sourcecode.swift; path = TitleViewBtn.swift; sourceTree = "<group>"; };
		EE9CD40C225E3E6A00041EC7 /* TitleViewCell.swift */ = {isa = PBXFileReference; lastKnownFileType = sourcecode.swift; path = TitleViewCell.swift; sourceTree = "<group>"; };
		EE9CD40D225E3E6A00041EC7 /* TitleViewCell.xib */ = {isa = PBXFileReference; lastKnownFileType = file.xib; path = TitleViewCell.xib; sourceTree = "<group>"; };
		EE9CD410225E474C00041EC7 /* photoMessage.swift */ = {isa = PBXFileReference; lastKnownFileType = sourcecode.swift; path = photoMessage.swift; sourceTree = "<group>"; };
		EEAD55CE226B1EBF00DF5346 /* BaseTableViewController.swift */ = {isa = PBXFileReference; fileEncoding = 4; lastKnownFileType = sourcecode.swift; path = BaseTableViewController.swift; sourceTree = "<group>"; };
		EEAD55D0226B1EBF00DF5346 /* ColorUtility.h */ = {isa = PBXFileReference; fileEncoding = 4; lastKnownFileType = sourcecode.c.h; path = ColorUtility.h; sourceTree = "<group>"; };
		EEAD55D1226B1EBF00DF5346 /* ColorUtility.m */ = {isa = PBXFileReference; fileEncoding = 4; lastKnownFileType = sourcecode.c.objc; path = ColorUtility.m; sourceTree = "<group>"; };
		EEAD55D2226B1EBF00DF5346 /* HMSegmentedControl.h */ = {isa = PBXFileReference; fileEncoding = 4; lastKnownFileType = sourcecode.c.h; path = HMSegmentedControl.h; sourceTree = "<group>"; };
		EEAD55D3226B1EBF00DF5346 /* HMSegmentedControl.m */ = {isa = PBXFileReference; fileEncoding = 4; lastKnownFileType = sourcecode.c.objc; path = HMSegmentedControl.m; sourceTree = "<group>"; };
		EEAD55D4226B1EBF00DF5346 /* CommualHeaderView.swift */ = {isa = PBXFileReference; fileEncoding = 4; lastKnownFileType = sourcecode.swift; path = CommualHeaderView.swift; sourceTree = "<group>"; };
		EEAD55D5226B1EBF00DF5346 /* CommualHeaderView.xib */ = {isa = PBXFileReference; fileEncoding = 4; lastKnownFileType = file.xib; path = CommualHeaderView.xib; sourceTree = "<group>"; };
		EEAD55D6226B1EBF00DF5346 /* HomePageViewController.swift */ = {isa = PBXFileReference; fileEncoding = 4; lastKnownFileType = sourcecode.swift; path = HomePageViewController.swift; sourceTree = "<group>"; };
		EEAD55D7226B1EBF00DF5346 /* LeftTableViewController.swift */ = {isa = PBXFileReference; fileEncoding = 4; lastKnownFileType = sourcecode.swift; path = LeftTableViewController.swift; sourceTree = "<group>"; };
		EEAD55D8226B1EBF00DF5346 /* MiddleTableViewController.swift */ = {isa = PBXFileReference; fileEncoding = 4; lastKnownFileType = sourcecode.swift; path = MiddleTableViewController.swift; sourceTree = "<group>"; };
		EEAD55D9226B1EBF00DF5346 /* NavigationController.swift */ = {isa = PBXFileReference; fileEncoding = 4; lastKnownFileType = sourcecode.swift; path = NavigationController.swift; sourceTree = "<group>"; };
		EEAD55DA226B1EBF00DF5346 /* RightTableViewController.swift */ = {isa = PBXFileReference; fileEncoding = 4; lastKnownFileType = sourcecode.swift; path = RightTableViewController.swift; sourceTree = "<group>"; };
		EEBC4FD7224B76420058B4E5 /* trifle.app */ = {isa = PBXFileReference; explicitFileType = wrapper.application; includeInIndex = 0; path = trifle.app; sourceTree = BUILT_PRODUCTS_DIR; };
		EEBC4FDA224B76420058B4E5 /* AppDelegate.swift */ = {isa = PBXFileReference; lastKnownFileType = sourcecode.swift; path = AppDelegate.swift; sourceTree = "<group>"; };
		EEBC4FDC224B76420058B4E5 /* ViewController.swift */ = {isa = PBXFileReference; lastKnownFileType = sourcecode.swift; path = ViewController.swift; sourceTree = "<group>"; };
		EEBC4FE1224B76450058B4E5 /* Assets.xcassets */ = {isa = PBXFileReference; lastKnownFileType = folder.assetcatalog; path = Assets.xcassets; sourceTree = "<group>"; };
		EEBC4FE4224B76460058B4E5 /* Base */ = {isa = PBXFileReference; lastKnownFileType = file.storyboard; name = Base; path = Base.lproj/LaunchScreen.storyboard; sourceTree = "<group>"; };
		EEBC4FE6224B76460058B4E5 /* Info.plist */ = {isa = PBXFileReference; lastKnownFileType = text.plist.xml; path = Info.plist; sourceTree = "<group>"; };
		EEBC4FEF224B76FC0058B4E5 /* CloseViewController.swift */ = {isa = PBXFileReference; fileEncoding = 4; lastKnownFileType = sourcecode.swift; path = CloseViewController.swift; sourceTree = "<group>"; };
		EEBC4FF0224B76FC0058B4E5 /* HomeViewController.swift */ = {isa = PBXFileReference; fileEncoding = 4; lastKnownFileType = sourcecode.swift; path = HomeViewController.swift; sourceTree = "<group>"; };
		EEBC4FF1224B76FC0058B4E5 /* HotViewController.swift */ = {isa = PBXFileReference; fileEncoding = 4; lastKnownFileType = sourcecode.swift; path = HotViewController.swift; sourceTree = "<group>"; };
		EEBC4FF7224B76FC0058B4E5 /* PopoverAnimator.swift */ = {isa = PBXFileReference; fileEncoding = 4; lastKnownFileType = sourcecode.swift; path = PopoverAnimator.swift; sourceTree = "<group>"; };
		EEBC4FF8224B76FC0058B4E5 /* PopoverViewController.swift */ = {isa = PBXFileReference; fileEncoding = 4; lastKnownFileType = sourcecode.swift; path = PopoverViewController.swift; sourceTree = "<group>"; };
		EEBC4FF9224B76FC0058B4E5 /* PopoverViewController.xib */ = {isa = PBXFileReference; fileEncoding = 4; lastKnownFileType = file.xib; path = PopoverViewController.xib; sourceTree = "<group>"; };
		EEBC4FFA224B76FC0058B4E5 /* TFEPresenttationController.swift */ = {isa = PBXFileReference; fileEncoding = 4; lastKnownFileType = sourcecode.swift; path = TFEPresenttationController.swift; sourceTree = "<group>"; };
		EEBC4FFD224B76FC0058B4E5 /* titleScrollView.swift */ = {isa = PBXFileReference; fileEncoding = 4; lastKnownFileType = sourcecode.swift; path = titleScrollView.swift; sourceTree = "<group>"; };
		EEBC4FFF224B76FC0058B4E5 /* MainViewController.swift */ = {isa = PBXFileReference; fileEncoding = 4; lastKnownFileType = sourcecode.swift; path = MainViewController.swift; sourceTree = "<group>"; };
		EEBC5001224B76FC0058B4E5 /* BaseViewController.swift */ = {isa = PBXFileReference; fileEncoding = 4; lastKnownFileType = sourcecode.swift; path = BaseViewController.swift; sourceTree = "<group>"; };
		EEBC5002224B76FC0058B4E5 /* VisitorView.swift */ = {isa = PBXFileReference; fileEncoding = 4; lastKnownFileType = sourcecode.swift; path = VisitorView.swift; sourceTree = "<group>"; };
		EEBC5003224B76FC0058B4E5 /* VisitorView.xib */ = {isa = PBXFileReference; fileEncoding = 4; lastKnownFileType = file.xib; path = VisitorView.xib; sourceTree = "<group>"; };
		EEBC5005224B76FC0058B4E5 /* Profile.storyboard */ = {isa = PBXFileReference; fileEncoding = 4; lastKnownFileType = file.storyboard; path = Profile.storyboard; sourceTree = "<group>"; };
		EEBC5008224B76FC0058B4E5 /* Null.storyboard */ = {isa = PBXFileReference; fileEncoding = 4; lastKnownFileType = file.storyboard; path = Null.storyboard; sourceTree = "<group>"; };
		EEBC500C224B76FC0058B4E5 /* UIButton+Extension.swift */ = {isa = PBXFileReference; fileEncoding = 4; lastKnownFileType = sourcecode.swift; path = "UIButton+Extension.swift"; sourceTree = "<group>"; };
		EEBC501F224B774F0058B4E5 /* Main.storyboard */ = {isa = PBXFileReference; fileEncoding = 4; lastKnownFileType = file.storyboard; path = Main.storyboard; sourceTree = "<group>"; };
		EEBD6F15226DAD1F001BF5D1 /* ADViewController.swift */ = {isa = PBXFileReference; lastKnownFileType = sourcecode.swift; path = ADViewController.swift; sourceTree = "<group>"; };
		EEBD6F3D226DF1FE001BF5D1 /* GestureView.swift */ = {isa = PBXFileReference; fileEncoding = 4; lastKnownFileType = sourcecode.swift; path = GestureView.swift; sourceTree = "<group>"; };
		EEBD6F3E226DF1FE001BF5D1 /* GestureViewController.storyboard */ = {isa = PBXFileReference; fileEncoding = 4; lastKnownFileType = file.storyboard; path = GestureViewController.storyboard; sourceTree = "<group>"; };
		EEBD6F3F226DF1FE001BF5D1 /* GestureViewController.swift */ = {isa = PBXFileReference; fileEncoding = 4; lastKnownFileType = sourcecode.swift; path = GestureViewController.swift; sourceTree = "<group>"; };
		EEC72F0122655C1F00A51259 /* ProgressView.swift */ = {isa = PBXFileReference; lastKnownFileType = sourcecode.swift; path = ProgressView.swift; sourceTree = "<group>"; };
		EEC7AB41224D10DE0048A022 /* RegisterLoginViewController.swift */ = {isa = PBXFileReference; lastKnownFileType = sourcecode.swift; path = RegisterLoginViewController.swift; sourceTree = "<group>"; };
		EEC7AB42224D10DE0048A022 /* RegisterLoginViewController.xib */ = {isa = PBXFileReference; lastKnownFileType = file.xib; path = RegisterLoginViewController.xib; sourceTree = "<group>"; };
		EEC7AB47224D18FE0048A022 /* LoginView.swift */ = {isa = PBXFileReference; lastKnownFileType = sourcecode.swift; path = LoginView.swift; sourceTree = "<group>"; };
		EEC7AB49224D19070048A022 /* LoginView.xib */ = {isa = PBXFileReference; lastKnownFileType = file.xib; path = LoginView.xib; sourceTree = "<group>"; };
		EEC7AB4B224D24B50048A022 /* FastLoginView.swift */ = {isa = PBXFileReference; lastKnownFileType = sourcecode.swift; path = FastLoginView.swift; sourceTree = "<group>"; };
		EEC7AB4D224D24BE0048A022 /* FastLoginView.xib */ = {isa = PBXFileReference; lastKnownFileType = file.xib; path = FastLoginView.xib; sourceTree = "<group>"; };
		EEC7AB4F224D29830048A022 /* FastButton.swift */ = {isa = PBXFileReference; lastKnownFileType = sourcecode.swift; path = FastButton.swift; sourceTree = "<group>"; };
		EEDC0AC322647142000DA3B9 /* FineEmoticon.swift */ = {isa = PBXFileReference; fileEncoding = 4; lastKnownFileType = sourcecode.swift; path = FineEmoticon.swift; sourceTree = "<group>"; };
		EEDC0AC52264AD0E000DA3B9 /* HYLabel.swift */ = {isa = PBXFileReference; fileEncoding = 4; lastKnownFileType = sourcecode.swift; path = HYLabel.swift; sourceTree = "<group>"; };
		EEDC0AC92264B076000DA3B9 /* Base */ = {isa = PBXFileReference; lastKnownFileType = file.storyboard; name = Base; path = Base.lproj/Home.storyboard; sourceTree = "<group>"; };
		EEDC0ACC2264BBBB000DA3B9 /* PhotoBrowserController.swift */ = {isa = PBXFileReference; lastKnownFileType = sourcecode.swift; path = PhotoBrowserController.swift; sourceTree = "<group>"; };
		EEDC0ACE2264C61E000DA3B9 /* PhotoBrowserCollectionViewCell.swift */ = {isa = PBXFileReference; lastKnownFileType = sourcecode.swift; path = PhotoBrowserCollectionViewCell.swift; sourceTree = "<group>"; };
		EEE346D3226F47D400476D71 /* Comment.swift */ = {isa = PBXFileReference; fileEncoding = 4; lastKnownFileType = sourcecode.swift; path = Comment.swift; sourceTree = "<group>"; };
		EEE346D4226F47D400476D71 /* CommentUser.swift */ = {isa = PBXFileReference; fileEncoding = 4; lastKnownFileType = sourcecode.swift; path = CommentUser.swift; sourceTree = "<group>"; };
		EEF32E19225C289700FA1E24 /* PicpickerCollectionView.swift */ = {isa = PBXFileReference; lastKnownFileType = sourcecode.swift; path = PicpickerCollectionView.swift; sourceTree = "<group>"; };
		EEF32E1B225C2D6C00FA1E24 /* PicpickerCollectionViewCell.swift */ = {isa = PBXFileReference; lastKnownFileType = sourcecode.swift; path = PicpickerCollectionViewCell.swift; sourceTree = "<group>"; };
		EEF32E1C225C2D6C00FA1E24 /* PicpickerCollectionViewCell.xib */ = {isa = PBXFileReference; lastKnownFileType = file.xib; path = PicpickerCollectionViewCell.xib; sourceTree = "<group>"; };
		EEFDD53C2263223C00C43083 /* EmoticonController.swift */ = {isa = PBXFileReference; fileEncoding = 4; lastKnownFileType = sourcecode.swift; path = EmoticonController.swift; sourceTree = "<group>"; };
		EEFDD53D2263223C00C43083 /* Emoticons.bundle */ = {isa = PBXFileReference; lastKnownFileType = "wrapper.plug-in"; path = Emoticons.bundle; sourceTree = "<group>"; };
		EEFDD53E2263223C00C43083 /* EmotiViewCell.swift */ = {isa = PBXFileReference; fileEncoding = 4; lastKnownFileType = sourcecode.swift; path = EmotiViewCell.swift; sourceTree = "<group>"; };
		EEFDD5402263223C00C43083 /* Emoticon.swift */ = {isa = PBXFileReference; fileEncoding = 4; lastKnownFileType = sourcecode.swift; path = Emoticon.swift; sourceTree = "<group>"; };
		EEFDD5412263223C00C43083 /* EmoticonManager.swift */ = {isa = PBXFileReference; fileEncoding = 4; lastKnownFileType = sourcecode.swift; path = EmoticonManager.swift; sourceTree = "<group>"; };
		EEFDD5422263223C00C43083 /* EmoticonPackage.swift */ = {isa = PBXFileReference; fileEncoding = 4; lastKnownFileType = sourcecode.swift; path = EmoticonPackage.swift; sourceTree = "<group>"; };
		EEFDD5432263223C00C43083 /* MyTextAttachment.swift */ = {isa = PBXFileReference; fileEncoding = 4; lastKnownFileType = sourcecode.swift; path = MyTextAttachment.swift; sourceTree = "<group>"; };
		EEFDD5442263223C00C43083 /* UITextView-Extension.swift */ = {isa = PBXFileReference; fileEncoding = 4; lastKnownFileType = sourcecode.swift; path = "UITextView-Extension.swift"; sourceTree = "<group>"; };
/* End PBXFileReference section */

/* Begin PBXFrameworksBuildPhase section */
		EEBC4FD4224B76420058B4E5 /* Frameworks */ = {
			isa = PBXFrameworksBuildPhase;
			buildActionMask = 2147483647;
			files = (
				EE473BDC224F621A004C05E0 /* libsqlite3.tbd in Frameworks */,
				EE473BDA224F6209004C05E0 /* CoreGraphics.framework in Frameworks */,
				EE473BD8224F61FC004C05E0 /* SystemConfiguration.framework in Frameworks */,
				EE473BD6224F61F2004C05E0 /* CoreTelephony.framework in Frameworks */,
				EE473BD4224F61E3004C05E0 /* libc++.tbd in Frameworks */,
				EE473BD2224F61D8004C05E0 /* libz.tbd in Frameworks */,
				EE473BD0224F61CB004C05E0 /* ImageIO.framework in Frameworks */,
				EE473BCE224F61C0004C05E0 /* Photos.framework in Frameworks */,
				EE473BC9224F6114004C05E0 /* UMCommon.framework in Frameworks */,
				EE473BC6224F6114004C05E0 /* libSocialQQ.a in Frameworks */,
				0BDFE705430EACB35BBA7E98 /* Pods_trifle.framework in Frameworks */,
				EE473BCC224F6114004C05E0 /* UShareUI.framework in Frameworks */,
				EE473BC8224F6114004C05E0 /* libSocialWeChat.a in Frameworks */,
				EE473BCA224F6114004C05E0 /* UMShare.framework in Frameworks */,
				EE473BC7224F6114004C05E0 /* libSocialSina.a in Frameworks */,
			);
			runOnlyForDeploymentPostprocessing = 0;
		};
/* End PBXFrameworksBuildPhase section */

/* Begin PBXGroup section */
		08946536183C30BF0EE1D203 /* Pods */ = {
			isa = PBXGroup;
			children = (
				24F878CE69EC4654A40E1849 /* Pods-trifle.debug.xcconfig */,
				C78711366A7DD71286E73C2A /* Pods-trifle.release.xcconfig */,
			);
			name = Pods;
			sourceTree = "<group>";
		};
		481633CD63B19DBB61889EA6 /* Frameworks */ = {
			isa = PBXGroup;
			children = (
				EE473BDB224F621A004C05E0 /* libsqlite3.tbd */,
				EE473BD9224F6208004C05E0 /* CoreGraphics.framework */,
				EE473BD7224F61FC004C05E0 /* SystemConfiguration.framework */,
				EE473BD5224F61F1004C05E0 /* CoreTelephony.framework */,
				EE473BD3224F61E3004C05E0 /* libc++.tbd */,
				EE473BD1224F61D8004C05E0 /* libz.tbd */,
				EE473BCF224F61CB004C05E0 /* ImageIO.framework */,
				EE473BCD224F61C0004C05E0 /* Photos.framework */,
				1DD2F59BB967DC6161BB08E5 /* Pods_trifle.framework */,
			);
			name = Frameworks;
			sourceTree = "<group>";
		};
		EE473BB4224F60EF004C05E0 /* FastLogin(友盟) */ = {
			isa = PBXGroup;
			children = (
				EE473BB5224F6114004C05E0 /* share */,
			);
			name = "FastLogin(友盟)";
			path = "trifle/Classes/Main/FastLogin(友盟)";
			sourceTree = SOURCE_ROOT;
		};
		EE473BB5224F6114004C05E0 /* share */ = {
			isa = PBXGroup;
			children = (
				EE473BB6224F6114004C05E0 /* share_ios_6.9.5 */,
			);
			path = share;
			sourceTree = "<group>";
		};
		EE473BB6224F6114004C05E0 /* share_ios_6.9.5 */ = {
			isa = PBXGroup;
			children = (
				EE473BB7224F6114004C05E0 /* SocialLibraries */,
				EE473BC1224F6114004C05E0 /* UMCommon.framework */,
				EE473BC2224F6114004C05E0 /* UMShare.framework */,
				EE473BC3224F6114004C05E0 /* UMSocialUI */,
			);
			path = share_ios_6.9.5;
			sourceTree = "<group>";
		};
		EE473BB7224F6114004C05E0 /* SocialLibraries */ = {
			isa = PBXGroup;
			children = (
				EE473BB8224F6114004C05E0 /* QQ */,
				EE473BBB224F6114004C05E0 /* Sina */,
				EE473BBE224F6114004C05E0 /* WeChat */,
			);
			path = SocialLibraries;
			sourceTree = "<group>";
		};
		EE473BB8224F6114004C05E0 /* QQ */ = {
			isa = PBXGroup;
			children = (
				EE473BB9224F6114004C05E0 /* libSocialQQ.a */,
				EE473BBA224F6114004C05E0 /* UMSocialQQHandler.h */,
			);
			path = QQ;
			sourceTree = "<group>";
		};
		EE473BBB224F6114004C05E0 /* Sina */ = {
			isa = PBXGroup;
			children = (
				EE473BBC224F6114004C05E0 /* libSocialSina.a */,
				EE473BBD224F6114004C05E0 /* UMSocialSinaHandler.h */,
			);
			path = Sina;
			sourceTree = "<group>";
		};
		EE473BBE224F6114004C05E0 /* WeChat */ = {
			isa = PBXGroup;
			children = (
				EE473BBF224F6114004C05E0 /* libSocialWeChat.a */,
				EE473BC0224F6114004C05E0 /* UMSocialWechatHandler.h */,
			);
			path = WeChat;
			sourceTree = "<group>";
		};
		EE473BC3224F6114004C05E0 /* UMSocialUI */ = {
			isa = PBXGroup;
			children = (
				EE473BC4224F6114004C05E0 /* UMSocialSDKResources.bundle */,
				EE473BC5224F6114004C05E0 /* UShareUI.framework */,
			);
			path = UMSocialUI;
			sourceTree = "<group>";
		};
		EE473BDE224F6CDB004C05E0 /* Account */ = {
			isa = PBXGroup;
			children = (
				EE473BDF224F6D04004C05E0 /* UserAccount.swift */,
				EE473BE1224F7F7B004C05E0 /* UserAccountTool.swift */,
			);
			name = Account;
			path = trifle/Classes/Main/Login/Account;
			sourceTree = SOURCE_ROOT;
		};
		EE473BE3224F8270004C05E0 /* Welcome */ = {
			isa = PBXGroup;
			children = (
				EE473BE4224F8270004C05E0 /* WelComeViewController.swift */,
				EE473BE5224F8270004C05E0 /* WelComeViewController.xib */,
			);
			path = Welcome;
			sourceTree = "<group>";
		};
		EE6971CA225306C8005871F6 /* HomeModel */ = {
			isa = PBXGroup;
			children = (
				EE6971CB225306E9005871F6 /* Status.swift */,
				EE6971D1225312D4005871F6 /* User.swift */,
				EE6971D3225315B1005871F6 /* StatusViewTool.swift */,
			);
			path = HomeModel;
			sourceTree = "<group>";
		};
		EE904A52225B7D8F0098EF39 /* Publish */ = {
			isa = PBXGroup;
			children = (
				EE904A53225B7DB30098EF39 /* PublishViewController.swift */,
				EE904A54225B7DB30098EF39 /* PublishViewController.xib */,
				EEF32E1F225C321000FA1E24 /* PhotoPicker */,
				EEFDD53B2263223C00C43083 /* Emoticon */,
				EEF32E18225C27A200FA1E24 /* View */,
			);
			path = Publish;
			sourceTree = "<group>";
		};
		EE9CD40B225E3E2B00041EC7 /* View */ = {
			isa = PBXGroup;
			children = (
				EE9CD40C225E3E6A00041EC7 /* TitleViewCell.swift */,
				EE9CD40D225E3E6A00041EC7 /* TitleViewCell.xib */,
				EE9CD410225E474C00041EC7 /* photoMessage.swift */,
				EE5F5700225EDD9700BC1FC1 /* photoPicpickerCollectionViewCell.swift */,
				EE5F5701225EDD9700BC1FC1 /* photoPicpickerCollectionViewCell.xib */,
			);
			path = View;
			sourceTree = "<group>";
		};
		EEAD55CD226B1EBF00DF5346 /* Profile */ = {
			isa = PBXGroup;
			children = (
				EEAD55CF226B1EBF00DF5346 /* category */,
				EEAD55CE226B1EBF00DF5346 /* BaseTableViewController.swift */,
				EEAD55D4226B1EBF00DF5346 /* CommualHeaderView.swift */,
				EEAD55D5226B1EBF00DF5346 /* CommualHeaderView.xib */,
				EEAD55D7226B1EBF00DF5346 /* LeftTableViewController.swift */,
				EEAD55D8226B1EBF00DF5346 /* MiddleTableViewController.swift */,
				EEAD55D9226B1EBF00DF5346 /* NavigationController.swift */,
				EEAD55DA226B1EBF00DF5346 /* RightTableViewController.swift */,
			);
			path = Profile;
			sourceTree = "<group>";
		};
		EEAD55CF226B1EBF00DF5346 /* category */ = {
			isa = PBXGroup;
			children = (
				EEAD55D0226B1EBF00DF5346 /* ColorUtility.h */,
				EEAD55D1226B1EBF00DF5346 /* ColorUtility.m */,
				EEAD55D2226B1EBF00DF5346 /* HMSegmentedControl.h */,
				EEAD55D3226B1EBF00DF5346 /* HMSegmentedControl.m */,
			);
			path = category;
			sourceTree = "<group>";
		};
		EEBC4FCE224B76420058B4E5 = {
			isa = PBXGroup;
			children = (
				EEBC4FD9224B76420058B4E5 /* trifle */,
				EEBC4FD8224B76420058B4E5 /* Products */,
				08946536183C30BF0EE1D203 /* Pods */,
				481633CD63B19DBB61889EA6 /* Frameworks */,
			);
			sourceTree = "<group>";
		};
		EEBC4FD8224B76420058B4E5 /* Products */ = {
			isa = PBXGroup;
			children = (
				EEBC4FD7224B76420058B4E5 /* trifle.app */,
			);
			name = Products;
			sourceTree = "<group>";
		};
		EEBC4FD9224B76420058B4E5 /* trifle */ = {
			isa = PBXGroup;
			children = (
				EEBC4FEC224B76FC0058B4E5 /* Classes */,
				EEBC4FDA224B76420058B4E5 /* AppDelegate.swift */,
				EEBC4FDC224B76420058B4E5 /* ViewController.swift */,
				EEBC501F224B774F0058B4E5 /* Main.storyboard */,
				EEBC4FE1224B76450058B4E5 /* Assets.xcassets */,
				EEBC4FE3224B76460058B4E5 /* LaunchScreen.storyboard */,
				EEBC4FE6224B76460058B4E5 /* Info.plist */,
				EE473BDD224F6317004C05E0 /* bridge.h */,
			);
			path = trifle;
			sourceTree = "<group>";
		};
		EEBC4FEC224B76FC0058B4E5 /* Classes */ = {
			isa = PBXGroup;
			children = (
				EEBC4FFE224B76FC0058B4E5 /* Main */,
				EEE346CD226F47D400476D71 /* Comment */,
				EEBC4FED224B76FC0058B4E5 /* Home */,
				EEBC5004224B76FC0058B4E5 /* me */,
				EE904A52225B7D8F0098EF39 /* Publish */,
				EEBC500A224B76FC0058B4E5 /* Tool */,
			);
			path = Classes;
			sourceTree = "<group>";
		};
		EEBC4FED224B76FC0058B4E5 /* Home */ = {
			isa = PBXGroup;
			children = (
				EE6971CA225306C8005871F6 /* HomeModel */,
				EEBC4FF6224B76FC0058B4E5 /* UIPopover */,
				EEBC4FEE224B76FC0058B4E5 /* Controller */,
				EEDC0ACB2264BB53000DA3B9 /* PhotoBrowser */,
				EEBC4FFB224B76FC0058B4E5 /* View */,
			);
			path = Home;
			sourceTree = "<group>";
		};
		EEBC4FEE224B76FC0058B4E5 /* Controller */ = {
			isa = PBXGroup;
			children = (
				EE872AB0227040AD00D6044A /* HomeNavigationController.swift */,
				EEBC4FF0224B76FC0058B4E5 /* HomeViewController.swift */,
				EEBC4FEF224B76FC0058B4E5 /* CloseViewController.swift */,
				EEBC4FF1224B76FC0058B4E5 /* HotViewController.swift */,
				EE6971CD22530B2C005871F6 /* HotViewController.storyboard */,
				EEDC0AC72264B076000DA3B9 /* trifle */,
			);
			path = Controller;
			sourceTree = "<group>";
		};
		EEBC4FF6224B76FC0058B4E5 /* UIPopover */ = {
			isa = PBXGroup;
			children = (
				EEBC4FF8224B76FC0058B4E5 /* PopoverViewController.swift */,
				EEBC4FF9224B76FC0058B4E5 /* PopoverViewController.xib */,
				EEBC4FFA224B76FC0058B4E5 /* TFEPresenttationController.swift */,
				EEBC4FF7224B76FC0058B4E5 /* PopoverAnimator.swift */,
			);
			path = UIPopover;
			sourceTree = "<group>";
		};
		EEBC4FFB224B76FC0058B4E5 /* View */ = {
			isa = PBXGroup;
			children = (
				EE2DD59A2253B242003EA4C2 /* TitleBtn.swift */,
				EEBC4FFD224B76FC0058B4E5 /* titleScrollView.swift */,
				EE6971D522533CCC005871F6 /* HotViewCell.swift */,
				EE2DD58D2253AF8B003EA4C2 /* PictrueCollectionView.swift */,
			);
			path = View;
			sourceTree = "<group>";
		};
		EEBC4FFE224B76FC0058B4E5 /* Main */ = {
			isa = PBXGroup;
			children = (
				EEBC4FFF224B76FC0058B4E5 /* MainViewController.swift */,
				EE0F345C226CC32A00BFD0B2 /* NewFeatureViewController.swift */,
				EEBD6F15226DAD1F001BF5D1 /* ADViewController.swift */,
				EE473BB4224F60EF004C05E0 /* FastLogin(友盟) */,
				EE473BE3224F8270004C05E0 /* Welcome */,
				EEBC5000224B76FC0058B4E5 /* Visitor */,
				EEC7AB40224D10B40048A022 /* Login */,
				EEBD6F3C226DF1FE001BF5D1 /* Gesture */,
			);
			path = Main;
			sourceTree = "<group>";
		};
		EEBC5000224B76FC0058B4E5 /* Visitor */ = {
			isa = PBXGroup;
			children = (
				EEBC5001224B76FC0058B4E5 /* BaseViewController.swift */,
				EEBC5002224B76FC0058B4E5 /* VisitorView.swift */,
				EEBC5003224B76FC0058B4E5 /* VisitorView.xib */,
			);
			path = Visitor;
			sourceTree = "<group>";
		};
		EEBC5004224B76FC0058B4E5 /* me */ = {
			isa = PBXGroup;
			children = (
				EEAD55D6226B1EBF00DF5346 /* HomePageViewController.swift */,
				EEBC5005224B76FC0058B4E5 /* Profile.storyboard */,
				EEAD55CD226B1EBF00DF5346 /* Profile */,
			);
			path = me;
			sourceTree = "<group>";
		};
		EEBC500A224B76FC0058B4E5 /* Tool */ = {
			isa = PBXGroup;
			children = (
				EEBC500B224B76FC0058B4E5 /* Category */,
				EE473BB2224F601D004C05E0 /* NetWorkTool.swift */,
				EE76EF1D2260D9A600881C98 /* Common.swift */,
			);
			path = Tool;
			sourceTree = "<group>";
		};
		EEBC500B224B76FC0058B4E5 /* Category */ = {
			isa = PBXGroup;
			children = (
				EEDC0AC52264AD0E000DA3B9 /* HYLabel.swift */,
				EEBC5008224B76FC0058B4E5 /* Null.storyboard */,
				EE6971CF22531150005871F6 /* NSDate-Extension.swift */,
				EEBC500C224B76FC0058B4E5 /* UIButton+Extension.swift */,
			);
			path = Category;
			sourceTree = "<group>";
		};
		EEBD6F3C226DF1FE001BF5D1 /* Gesture */ = {
			isa = PBXGroup;
			children = (
				EEBD6F3D226DF1FE001BF5D1 /* GestureView.swift */,
				EEBD6F3E226DF1FE001BF5D1 /* GestureViewController.storyboard */,
				EEBD6F3F226DF1FE001BF5D1 /* GestureViewController.swift */,
			);
			path = Gesture;
			sourceTree = "<group>";
		};
		EEC7AB40224D10B40048A022 /* Login */ = {
			isa = PBXGroup;
			children = (
				EEC7AB45224D10F50048A022 /* Controller */,
				EEC7AB46224D18A20048A022 /* View */,
				EE473BDE224F6CDB004C05E0 /* Account */,
			);
			name = Login;
			path = trifle/Classes/Main/Login;
			sourceTree = SOURCE_ROOT;
		};
		EEC7AB45224D10F50048A022 /* Controller */ = {
			isa = PBXGroup;
			children = (
				EEC7AB41224D10DE0048A022 /* RegisterLoginViewController.swift */,
				EEC7AB42224D10DE0048A022 /* RegisterLoginViewController.xib */,
			);
			path = Controller;
			sourceTree = "<group>";
		};
		EEC7AB46224D18A20048A022 /* View */ = {
			isa = PBXGroup;
			children = (
				EEC7AB47224D18FE0048A022 /* LoginView.swift */,
				EEC7AB49224D19070048A022 /* LoginView.xib */,
				EEC7AB4B224D24B50048A022 /* FastLoginView.swift */,
				EEC7AB4D224D24BE0048A022 /* FastLoginView.xib */,
				EEC7AB4F224D29830048A022 /* FastButton.swift */,
			);
			name = View;
			path = trifle/Classes/Main/Login/View;
			sourceTree = SOURCE_ROOT;
		};
		EEDC0AC72264B076000DA3B9 /* trifle */ = {
			isa = PBXGroup;
			children = (
				EEDC0AC82264B076000DA3B9 /* Home.storyboard */,
			);
			path = trifle;
			sourceTree = "<group>";
		};
		EEDC0ACB2264BB53000DA3B9 /* PhotoBrowser */ = {
			isa = PBXGroup;
			children = (
				EEDC0ACC2264BBBB000DA3B9 /* PhotoBrowserController.swift */,
				EEDC0ACE2264C61E000DA3B9 /* PhotoBrowserCollectionViewCell.swift */,
				EEC72F0122655C1F00A51259 /* ProgressView.swift */,
				EE8EB3882265BE2300A1EB2D /* PhotoBrowserAnimator.swift */,
			);
			name = PhotoBrowser;
			path = Controller/PhotoBrowser;
			sourceTree = "<group>";
		};
		EEE346CD226F47D400476D71 /* Comment */ = {
			isa = PBXGroup;
			children = (
				EEE346CE226F47D400476D71 /* Controller */,
				EEE346D2226F47D400476D71 /* Model */,
				EEE346D5226F47D400476D71 /* view */,
			);
			path = Comment;
			sourceTree = "<group>";
		};
		EEE346CE226F47D400476D71 /* Controller */ = {
			isa = PBXGroup;
			children = (
				EE5109962271FD6300076127 /* NewCommentControllViewController.swift */,
				EE5109982271FD8600076127 /* NewCommentControllViewController.storyboard */,
			);
			path = Controller;
			sourceTree = "<group>";
		};
		EEE346D2226F47D400476D71 /* Model */ = {
			isa = PBXGroup;
			children = (
				EEE346D3226F47D400476D71 /* Comment.swift */,
				EEE346D4226F47D400476D71 /* CommentUser.swift */,
			);
			path = Model;
			sourceTree = "<group>";
		};
		EEE346D5226F47D400476D71 /* view */ = {
			isa = PBXGroup;
			children = (
				EE51099A227202E600076127 /* NewCommentCell.swift */,
				EE51099C2272066800076127 /* NewCommentCell.xib */,
			);
			path = view;
			sourceTree = "<group>";
		};
		EEF32E18225C27A200FA1E24 /* View */ = {
			isa = PBXGroup;
			children = (
				EE904A59225B844C0098EF39 /* ComposeTextView.swift */,
				EE904A57225B80810098EF39 /* ComposeTitleView.swift */,
				EEF32E19225C289700FA1E24 /* PicpickerCollectionView.swift */,
				EEF32E1B225C2D6C00FA1E24 /* PicpickerCollectionViewCell.swift */,
				EEF32E1C225C2D6C00FA1E24 /* PicpickerCollectionViewCell.xib */,
				EE9B25A7225C80D300EB3049 /* TitleViewBtn.swift */,
			);
			path = View;
			sourceTree = "<group>";
		};
		EEF32E1F225C321000FA1E24 /* PhotoPicker */ = {
			isa = PBXGroup;
			children = (
				EE9B25A1225C749800EB3049 /* PhotoPickerViewController.swift */,
				EE9B25A3225C74A300EB3049 /* PhotoPickerViewController.storyboard */,
				EE02381B225F6CD8003235E9 /* PhotoBrowserViewController.swift */,
				EE02381D225F7220003235E9 /* PhotoBrowserPushlishViewCell.swift */,
				EE9CD40B225E3E2B00041EC7 /* View */,
			);
			path = PhotoPicker;
			sourceTree = "<group>";
		};
		EEFDD53B2263223C00C43083 /* Emoticon */ = {
			isa = PBXGroup;
			children = (
				EEFDD53C2263223C00C43083 /* EmoticonController.swift */,
				EEFDD53E2263223C00C43083 /* EmotiViewCell.swift */,
				EEFDD53D2263223C00C43083 /* Emoticons.bundle */,
				EEFDD53F2263223C00C43083 /* Model */,
				EEFDD5432263223C00C43083 /* MyTextAttachment.swift */,
				EEFDD5442263223C00C43083 /* UITextView-Extension.swift */,
				EEDC0AC322647142000DA3B9 /* FineEmoticon.swift */,
			);
			path = Emoticon;
			sourceTree = "<group>";
		};
		EEFDD53F2263223C00C43083 /* Model */ = {
			isa = PBXGroup;
			children = (
				EEFDD5402263223C00C43083 /* Emoticon.swift */,
				EEFDD5412263223C00C43083 /* EmoticonManager.swift */,
				EEFDD5422263223C00C43083 /* EmoticonPackage.swift */,
			);
			path = Model;
			sourceTree = "<group>";
		};
/* End PBXGroup section */

/* Begin PBXNativeTarget section */
		EEBC4FD6224B76420058B4E5 /* trifle */ = {
			isa = PBXNativeTarget;
			buildConfigurationList = EEBC4FE9224B76460058B4E5 /* Build configuration list for PBXNativeTarget "trifle" */;
			buildPhases = (
				7DCB6573B116402AFAE34E0A /* [CP] Check Pods Manifest.lock */,
				EEBC4FD3224B76420058B4E5 /* Sources */,
				EEBC4FD4224B76420058B4E5 /* Frameworks */,
				EEBC4FD5224B76420058B4E5 /* Resources */,
				4535F09D6D72836FC37A9237 /* [CP] Embed Pods Frameworks */,
			);
			buildRules = (
			);
			dependencies = (
			);
			name = trifle;
			productName = trifle;
			productReference = EEBC4FD7224B76420058B4E5 /* trifle.app */;
			productType = "com.apple.product-type.application";
		};
/* End PBXNativeTarget section */

/* Begin PBXProject section */
		EEBC4FCF224B76420058B4E5 /* Project object */ = {
			isa = PBXProject;
			attributes = {
				LastSwiftUpdateCheck = 1010;
				LastUpgradeCheck = 1010;
				ORGANIZATIONNAME = tone;
				TargetAttributes = {
					EEBC4FD6224B76420058B4E5 = {
						CreatedOnToolsVersion = 10.1;
					};
				};
			};
			buildConfigurationList = EEBC4FD2224B76420058B4E5 /* Build configuration list for PBXProject "trifle" */;
			compatibilityVersion = "Xcode 9.3";
			developmentRegion = en;
			hasScannedForEncodings = 0;
			knownRegions = (
				en,
				Base,
			);
			mainGroup = EEBC4FCE224B76420058B4E5;
			productRefGroup = EEBC4FD8224B76420058B4E5 /* Products */;
			projectDirPath = "";
			projectRoot = "";
			targets = (
				EEBC4FD6224B76420058B4E5 /* trifle */,
			);
		};
/* End PBXProject section */

/* Begin PBXResourcesBuildPhase section */
		EEBC4FD5224B76420058B4E5 /* Resources */ = {
			isa = PBXResourcesBuildPhase;
			buildActionMask = 2147483647;
			files = (
				EEBC4FE5224B76460058B4E5 /* LaunchScreen.storyboard in Resources */,
				EEF32E1E225C2D6C00FA1E24 /* PicpickerCollectionViewCell.xib in Resources */,
				EEBC501D224B76FC0058B4E5 /* Null.storyboard in Resources */,
				EE9CD40F225E3E6A00041EC7 /* TitleViewCell.xib in Resources */,
				EEC7AB44224D10DE0048A022 /* RegisterLoginViewController.xib in Resources */,
				EEAD55DF226B1EBF00DF5346 /* CommualHeaderView.xib in Resources */,
				EE904A56225B7DB30098EF39 /* PublishViewController.xib in Resources */,
				EEC7AB4E224D24BE0048A022 /* FastLoginView.xib in Resources */,
				EE51099D2272066800076127 /* NewCommentCell.xib in Resources */,
				EEBC4FE2224B76450058B4E5 /* Assets.xcassets in Resources */,
				EE473BCB224F6114004C05E0 /* UMSocialSDKResources.bundle in Resources */,
				EE5109992271FD8600076127 /* NewCommentControllViewController.storyboard in Resources */,
				EEFDD5462263223D00C43083 /* Emoticons.bundle in Resources */,
				EEBC5020224B774F0058B4E5 /* Main.storyboard in Resources */,
				EEBD6F41226DF1FE001BF5D1 /* GestureViewController.storyboard in Resources */,
				EEDC0ACA2264B076000DA3B9 /* Home.storyboard in Resources */,
				EE473BE7224F8270004C05E0 /* WelComeViewController.xib in Resources */,
				EE9B25A4225C74A300EB3049 /* PhotoPickerViewController.storyboard in Resources */,
				EE5F5703225EDD9700BC1FC1 /* photoPicpickerCollectionViewCell.xib in Resources */,
				EE6971CE22530B2C005871F6 /* HotViewController.storyboard in Resources */,
				EEBC5013224B76FC0058B4E5 /* PopoverViewController.xib in Resources */,
				EEBC501B224B76FC0058B4E5 /* Profile.storyboard in Resources */,
				EEC7AB4A224D19070048A022 /* LoginView.xib in Resources */,
				EEBC501A224B76FC0058B4E5 /* VisitorView.xib in Resources */,
			);
			runOnlyForDeploymentPostprocessing = 0;
		};
/* End PBXResourcesBuildPhase section */

/* Begin PBXShellScriptBuildPhase section */
		4535F09D6D72836FC37A9237 /* [CP] Embed Pods Frameworks */ = {
			isa = PBXShellScriptBuildPhase;
			buildActionMask = 2147483647;
			files = (
			);
			inputFileListPaths = (
			);
			inputPaths = (
				"${SRCROOT}/Pods/Target Support Files/Pods-trifle/Pods-trifle-frameworks.sh",
				"${BUILT_PRODUCTS_DIR}/AFNetworking/AFNetworking.framework",
				"${BUILT_PRODUCTS_DIR}/MJRefresh/MJRefresh.framework",
				"${BUILT_PRODUCTS_DIR}/SDWebImage/SDWebImage.framework",
				"${BUILT_PRODUCTS_DIR}/SVProgressHUD/SVProgressHUD.framework",
				"${BUILT_PRODUCTS_DIR}/SnapKit/SnapKit.framework",
			);
			name = "[CP] Embed Pods Frameworks";
			outputFileListPaths = (
			);
			outputPaths = (
				"${TARGET_BUILD_DIR}/${FRAMEWORKS_FOLDER_PATH}/AFNetworking.framework",
				"${TARGET_BUILD_DIR}/${FRAMEWORKS_FOLDER_PATH}/MJRefresh.framework",
				"${TARGET_BUILD_DIR}/${FRAMEWORKS_FOLDER_PATH}/SDWebImage.framework",
				"${TARGET_BUILD_DIR}/${FRAMEWORKS_FOLDER_PATH}/SVProgressHUD.framework",
				"${TARGET_BUILD_DIR}/${FRAMEWORKS_FOLDER_PATH}/SnapKit.framework",
			);
			runOnlyForDeploymentPostprocessing = 0;
			shellPath = /bin/sh;
			shellScript = "\"${SRCROOT}/Pods/Target Support Files/Pods-trifle/Pods-trifle-frameworks.sh\"\n";
			showEnvVarsInLog = 0;
		};
		7DCB6573B116402AFAE34E0A /* [CP] Check Pods Manifest.lock */ = {
			isa = PBXShellScriptBuildPhase;
			buildActionMask = 2147483647;
			files = (
			);
			inputFileListPaths = (
			);
			inputPaths = (
				"${PODS_PODFILE_DIR_PATH}/Podfile.lock",
				"${PODS_ROOT}/Manifest.lock",
			);
			name = "[CP] Check Pods Manifest.lock";
			outputFileListPaths = (
			);
			outputPaths = (
				"$(DERIVED_FILE_DIR)/Pods-trifle-checkManifestLockResult.txt",
			);
			runOnlyForDeploymentPostprocessing = 0;
			shellPath = /bin/sh;
			shellScript = "diff \"${PODS_PODFILE_DIR_PATH}/Podfile.lock\" \"${PODS_ROOT}/Manifest.lock\" > /dev/null\nif [ $? != 0 ] ; then\n    # print error to STDERR\n    echo \"error: The sandbox is not in sync with the Podfile.lock. Run 'pod install' or update your CocoaPods installation.\" >&2\n    exit 1\nfi\n# This output is used by Xcode 'outputs' to avoid re-running this script phase.\necho \"SUCCESS\" > \"${SCRIPT_OUTPUT_FILE_0}\"\n";
			showEnvVarsInLog = 0;
		};
/* End PBXShellScriptBuildPhase section */

/* Begin PBXSourcesBuildPhase section */
		EEBC4FD3224B76420058B4E5 /* Sources */ = {
			isa = PBXSourcesBuildPhase;
			buildActionMask = 2147483647;
			files = (
				EE5109972271FD6300076127 /* NewCommentControllViewController.swift in Sources */,
				EE9B25A2225C749800EB3049 /* PhotoPickerViewController.swift in Sources */,
				EEE346D9226F47D400476D71 /* Comment.swift in Sources */,
				EEBD6F16226DAD1F001BF5D1 /* ADViewController.swift in Sources */,
				EEFDD54C2263223D00C43083 /* UITextView-Extension.swift in Sources */,
				EE6971D2225312D4005871F6 /* User.swift in Sources */,
				EE9B25A8225C80D300EB3049 /* TitleViewBtn.swift in Sources */,
				EE6971D022531150005871F6 /* NSDate-Extension.swift in Sources */,
				EE473BB3224F601E004C05E0 /* NetWorkTool.swift in Sources */,
				EE473BE2224F7F7B004C05E0 /* UserAccountTool.swift in Sources */,
				EEBC5017224B76FC0058B4E5 /* MainViewController.swift in Sources */,
				EEAD55E0226B1EBF00DF5346 /* HomePageViewController.swift in Sources */,
				EEBC500F224B76FC0058B4E5 /* HotViewController.swift in Sources */,
				EEDC0ACD2264BBBB000DA3B9 /* PhotoBrowserController.swift in Sources */,
				EEAD55DB226B1EBF00DF5346 /* BaseTableViewController.swift in Sources */,
				EE904A5A225B844C0098EF39 /* ComposeTextView.swift in Sources */,
				EE6971D4225315B1005871F6 /* StatusViewTool.swift in Sources */,
				EEBC5016224B76FC0058B4E5 /* titleScrollView.swift in Sources */,
				EEFDD5472263223D00C43083 /* EmotiViewCell.swift in Sources */,
				EEDC0AC422647142000DA3B9 /* FineEmoticon.swift in Sources */,
				EEC7AB50224D29830048A022 /* FastButton.swift in Sources */,
				EE872AB1227040AD00D6044A /* HomeNavigationController.swift in Sources */,
				EE02381E225F7220003235E9 /* PhotoBrowserPushlishViewCell.swift in Sources */,
				EEBD6F40226DF1FE001BF5D1 /* GestureView.swift in Sources */,
				EE5F5702225EDD9700BC1FC1 /* photoPicpickerCollectionViewCell.swift in Sources */,
				EEBC4FDD224B76420058B4E5 /* ViewController.swift in Sources */,
				EEBC5018224B76FC0058B4E5 /* BaseViewController.swift in Sources */,
				EEBC5012224B76FC0058B4E5 /* PopoverViewController.swift in Sources */,
				EE8EB3892265BE2300A1EB2D /* PhotoBrowserAnimator.swift in Sources */,
				EE02381C225F6CD8003235E9 /* PhotoBrowserViewController.swift in Sources */,
				EEDC0AC62264AD0E000DA3B9 /* HYLabel.swift in Sources */,
				EE6971CC225306E9005871F6 /* Status.swift in Sources */,
				EEFDD54B2263223D00C43083 /* MyTextAttachment.swift in Sources */,
				EE2DD59E2253B243003EA4C2 /* TitleBtn.swift in Sources */,
				EEAD55E4226B1EBF00DF5346 /* RightTableViewController.swift in Sources */,
				EE9CD40E225E3E6A00041EC7 /* TitleViewCell.swift in Sources */,
				EEBC501E224B76FC0058B4E5 /* UIButton+Extension.swift in Sources */,
				EEBC5019224B76FC0058B4E5 /* VisitorView.swift in Sources */,
				EEC7AB48224D18FE0048A022 /* LoginView.swift in Sources */,
				EE6971D622533CCC005871F6 /* HotViewCell.swift in Sources */,
				EEDC0ACF2264C61E000DA3B9 /* PhotoBrowserCollectionViewCell.swift in Sources */,
				EEBC500D224B76FC0058B4E5 /* CloseViewController.swift in Sources */,
				EEAD55DC226B1EBF00DF5346 /* ColorUtility.m in Sources */,
				EE904A55225B7DB30098EF39 /* PublishViewController.swift in Sources */,
				EEC7AB43224D10DE0048A022 /* RegisterLoginViewController.swift in Sources */,
				EEAD55E3226B1EBF00DF5346 /* NavigationController.swift in Sources */,
				EEAD55E2226B1EBF00DF5346 /* MiddleTableViewController.swift in Sources */,
				EE473BE6224F8270004C05E0 /* WelComeViewController.swift in Sources */,
				EEFDD5482263223D00C43083 /* Emoticon.swift in Sources */,
				EEBC5014224B76FC0058B4E5 /* TFEPresenttationController.swift in Sources */,
				EEF32E1A225C289700FA1E24 /* PicpickerCollectionView.swift in Sources */,
				EE0F345D226CC32A00BFD0B2 /* NewFeatureViewController.swift in Sources */,
				EEC7AB4C224D24B50048A022 /* FastLoginView.swift in Sources */,
				EEC72F0222655C1F00A51259 /* ProgressView.swift in Sources */,
				EEFDD5492263223D00C43083 /* EmoticonManager.swift in Sources */,
				EEF32E1D225C2D6C00FA1E24 /* PicpickerCollectionViewCell.swift in Sources */,
				EE76EF1E2260D9A600881C98 /* Common.swift in Sources */,
				EE2DD58E2253AF8B003EA4C2 /* PictrueCollectionView.swift in Sources */,
				EEBC4FDB224B76420058B4E5 /* AppDelegate.swift in Sources */,
				EEBC5011224B76FC0058B4E5 /* PopoverAnimator.swift in Sources */,
				EE9CD411225E474C00041EC7 /* photoMessage.swift in Sources */,
				EEE346DA226F47D400476D71 /* CommentUser.swift in Sources */,
				EEBD6F42226DF1FE001BF5D1 /* GestureViewController.swift in Sources */,
				EEFDD5452263223D00C43083 /* EmoticonController.swift in Sources */,
				EEAD55DD226B1EBF00DF5346 /* HMSegmentedControl.m in Sources */,
				EEBC500E224B76FC0058B4E5 /* HomeViewController.swift in Sources */,
				EEFDD54A2263223D00C43083 /* EmoticonPackage.swift in Sources */,
				EEAD55DE226B1EBF00DF5346 /* CommualHeaderView.swift in Sources */,
				EE51099B227202E600076127 /* NewCommentCell.swift in Sources */,
				EE904A58225B80810098EF39 /* ComposeTitleView.swift in Sources */,
				EEAD55E1226B1EBF00DF5346 /* LeftTableViewController.swift in Sources */,
				EE473BE0224F6D04004C05E0 /* UserAccount.swift in Sources */,
			);
			runOnlyForDeploymentPostprocessing = 0;
		};
/* End PBXSourcesBuildPhase section */

/* Begin PBXVariantGroup section */
		EEBC4FE3224B76460058B4E5 /* LaunchScreen.storyboard */ = {
			isa = PBXVariantGroup;
			children = (
				EEBC4FE4224B76460058B4E5 /* Base */,
			);
			name = LaunchScreen.storyboard;
			sourceTree = "<group>";
		};
		EEDC0AC82264B076000DA3B9 /* Home.storyboard */ = {
			isa = PBXVariantGroup;
			children = (
				EEDC0AC92264B076000DA3B9 /* Base */,
			);
			name = Home.storyboard;
			sourceTree = "<group>";
		};
/* End PBXVariantGroup section */

/* Begin XCBuildConfiguration section */
		EEBC4FE7224B76460058B4E5 /* Debug */ = {
			isa = XCBuildConfiguration;
			buildSettings = {
				ALWAYS_SEARCH_USER_PATHS = NO;
				CLANG_ANALYZER_NONNULL = YES;
				CLANG_ANALYZER_NUMBER_OBJECT_CONVERSION = YES_AGGRESSIVE;
				CLANG_CXX_LANGUAGE_STANDARD = "gnu++14";
				CLANG_CXX_LIBRARY = "libc++";
				CLANG_ENABLE_MODULES = YES;
				CLANG_ENABLE_OBJC_ARC = YES;
				CLANG_ENABLE_OBJC_WEAK = YES;
				CLANG_WARN_BLOCK_CAPTURE_AUTORELEASING = YES;
				CLANG_WARN_BOOL_CONVERSION = YES;
				CLANG_WARN_COMMA = YES;
				CLANG_WARN_CONSTANT_CONVERSION = YES;
				CLANG_WARN_DEPRECATED_OBJC_IMPLEMENTATIONS = YES;
				CLANG_WARN_DIRECT_OBJC_ISA_USAGE = YES_ERROR;
				CLANG_WARN_DOCUMENTATION_COMMENTS = YES;
				CLANG_WARN_EMPTY_BODY = YES;
				CLANG_WARN_ENUM_CONVERSION = YES;
				CLANG_WARN_INFINITE_RECURSION = YES;
				CLANG_WARN_INT_CONVERSION = YES;
				CLANG_WARN_NON_LITERAL_NULL_CONVERSION = YES;
				CLANG_WARN_OBJC_IMPLICIT_RETAIN_SELF = YES;
				CLANG_WARN_OBJC_LITERAL_CONVERSION = YES;
				CLANG_WARN_OBJC_ROOT_CLASS = YES_ERROR;
				CLANG_WARN_RANGE_LOOP_ANALYSIS = YES;
				CLANG_WARN_STRICT_PROTOTYPES = YES;
				CLANG_WARN_SUSPICIOUS_MOVE = YES;
				CLANG_WARN_UNGUARDED_AVAILABILITY = YES_AGGRESSIVE;
				CLANG_WARN_UNREACHABLE_CODE = YES;
				CLANG_WARN__DUPLICATE_METHOD_MATCH = YES;
				CODE_SIGN_IDENTITY = "iPhone Developer";
				COPY_PHASE_STRIP = NO;
				DEBUG_INFORMATION_FORMAT = dwarf;
				ENABLE_STRICT_OBJC_MSGSEND = YES;
				ENABLE_TESTABILITY = YES;
				GCC_C_LANGUAGE_STANDARD = gnu11;
				GCC_DYNAMIC_NO_PIC = NO;
				GCC_NO_COMMON_BLOCKS = YES;
				GCC_OPTIMIZATION_LEVEL = 0;
				GCC_PREPROCESSOR_DEFINITIONS = (
					"DEBUG=1",
					"$(inherited)",
				);
				GCC_WARN_64_TO_32_BIT_CONVERSION = YES;
				GCC_WARN_ABOUT_RETURN_TYPE = YES_ERROR;
				GCC_WARN_UNDECLARED_SELECTOR = YES;
				GCC_WARN_UNINITIALIZED_AUTOS = YES_AGGRESSIVE;
				GCC_WARN_UNUSED_FUNCTION = YES;
				GCC_WARN_UNUSED_VARIABLE = YES;
				IPHONEOS_DEPLOYMENT_TARGET = 12.1;
				MTL_ENABLE_DEBUG_INFO = INCLUDE_SOURCE;
				MTL_FAST_MATH = YES;
				ONLY_ACTIVE_ARCH = YES;
				SDKROOT = iphoneos;
				SWIFT_ACTIVE_COMPILATION_CONDITIONS = DEBUG;
				SWIFT_OPTIMIZATION_LEVEL = "-Onone";
			};
			name = Debug;
		};
		EEBC4FE8224B76460058B4E5 /* Release */ = {
			isa = XCBuildConfiguration;
			buildSettings = {
				ALWAYS_SEARCH_USER_PATHS = NO;
				CLANG_ANALYZER_NONNULL = YES;
				CLANG_ANALYZER_NUMBER_OBJECT_CONVERSION = YES_AGGRESSIVE;
				CLANG_CXX_LANGUAGE_STANDARD = "gnu++14";
				CLANG_CXX_LIBRARY = "libc++";
				CLANG_ENABLE_MODULES = YES;
				CLANG_ENABLE_OBJC_ARC = YES;
				CLANG_ENABLE_OBJC_WEAK = YES;
				CLANG_WARN_BLOCK_CAPTURE_AUTORELEASING = YES;
				CLANG_WARN_BOOL_CONVERSION = YES;
				CLANG_WARN_COMMA = YES;
				CLANG_WARN_CONSTANT_CONVERSION = YES;
				CLANG_WARN_DEPRECATED_OBJC_IMPLEMENTATIONS = YES;
				CLANG_WARN_DIRECT_OBJC_ISA_USAGE = YES_ERROR;
				CLANG_WARN_DOCUMENTATION_COMMENTS = YES;
				CLANG_WARN_EMPTY_BODY = YES;
				CLANG_WARN_ENUM_CONVERSION = YES;
				CLANG_WARN_INFINITE_RECURSION = YES;
				CLANG_WARN_INT_CONVERSION = YES;
				CLANG_WARN_NON_LITERAL_NULL_CONVERSION = YES;
				CLANG_WARN_OBJC_IMPLICIT_RETAIN_SELF = YES;
				CLANG_WARN_OBJC_LITERAL_CONVERSION = YES;
				CLANG_WARN_OBJC_ROOT_CLASS = YES_ERROR;
				CLANG_WARN_RANGE_LOOP_ANALYSIS = YES;
				CLANG_WARN_STRICT_PROTOTYPES = YES;
				CLANG_WARN_SUSPICIOUS_MOVE = YES;
				CLANG_WARN_UNGUARDED_AVAILABILITY = YES_AGGRESSIVE;
				CLANG_WARN_UNREACHABLE_CODE = YES;
				CLANG_WARN__DUPLICATE_METHOD_MATCH = YES;
				CODE_SIGN_IDENTITY = "iPhone Developer";
				COPY_PHASE_STRIP = NO;
				DEBUG_INFORMATION_FORMAT = "dwarf-with-dsym";
				ENABLE_NS_ASSERTIONS = NO;
				ENABLE_STRICT_OBJC_MSGSEND = YES;
				GCC_C_LANGUAGE_STANDARD = gnu11;
				GCC_NO_COMMON_BLOCKS = YES;
				GCC_WARN_64_TO_32_BIT_CONVERSION = YES;
				GCC_WARN_ABOUT_RETURN_TYPE = YES_ERROR;
				GCC_WARN_UNDECLARED_SELECTOR = YES;
				GCC_WARN_UNINITIALIZED_AUTOS = YES_AGGRESSIVE;
				GCC_WARN_UNUSED_FUNCTION = YES;
				GCC_WARN_UNUSED_VARIABLE = YES;
				IPHONEOS_DEPLOYMENT_TARGET = 12.1;
				MTL_ENABLE_DEBUG_INFO = NO;
				MTL_FAST_MATH = YES;
				SDKROOT = iphoneos;
				SWIFT_COMPILATION_MODE = wholemodule;
				SWIFT_OPTIMIZATION_LEVEL = "-O";
				VALIDATE_PRODUCT = YES;
			};
			name = Release;
		};
		EEBC4FEA224B76460058B4E5 /* Debug */ = {
			isa = XCBuildConfiguration;
			baseConfigurationReference = 24F878CE69EC4654A40E1849 /* Pods-trifle.debug.xcconfig */;
			buildSettings = {
				ASSETCATALOG_COMPILER_APPICON_NAME = AppIcon;
				CODE_SIGN_STYLE = Automatic;
				DEVELOPMENT_TEAM = FNVBY2ZPD2;
				FRAMEWORK_SEARCH_PATHS = (
					"$(inherited)",
					"$(PROJECT_DIR)/trifle/Classes/Main/FastLogin(友盟)/share/share_ios_6.9.5",
					"$(PROJECT_DIR)/trifle/Classes/Main/FastLogin(友盟)/share/share_ios_6.9.5/UMSocialUI",
				);
				INFOPLIST_FILE = trifle/Info.plist;
				IPHONEOS_DEPLOYMENT_TARGET = 11;
				LD_RUNPATH_SEARCH_PATHS = (
					"$(inherited)",
					"@executable_path/Frameworks",
				);
				LIBRARY_SEARCH_PATHS = (
					"$(inherited)",
					"$(PROJECT_DIR)/trifle/Classes/Main/FastLogin(友盟)/share/share_ios_6.9.5/SocialLibraries/QQ",
					"$(PROJECT_DIR)/trifle/Classes/Main/FastLogin(友盟)/share/share_ios_6.9.5/SocialLibraries/Sina",
					"$(PROJECT_DIR)/trifle/Classes/Main/FastLogin(友盟)/share/share_ios_6.9.5/SocialLibraries/WeChat",
				);
				OTHER_LDFLAGS = (
					"$(inherited)",
					"-framework",
					"\"AFNetworking\"",
					"-framework",
					"\"SDWebImage\"",
					"-framework",
					"\"SVProgressHUD\"",
					"-framework",
					"\"SnapKit\"",
					"-ObjC",
				);
				PRODUCT_BUNDLE_IDENTIFIER = tone.trifle;
				PRODUCT_NAME = "$(TARGET_NAME)";
				SWIFT_OBJC_BRIDGING_HEADER = trifle/bridge.h;
				SWIFT_VERSION = 4.2;
				TARGETED_DEVICE_FAMILY = "1,2";
			};
			name = Debug;
		};
		EEBC4FEB224B76460058B4E5 /* Release */ = {
			isa = XCBuildConfiguration;
			baseConfigurationReference = C78711366A7DD71286E73C2A /* Pods-trifle.release.xcconfig */;
			buildSettings = {
				ASSETCATALOG_COMPILER_APPICON_NAME = AppIcon;
				CODE_SIGN_STYLE = Automatic;
				DEVELOPMENT_TEAM = FNVBY2ZPD2;
				FRAMEWORK_SEARCH_PATHS = (
					"$(inherited)",
					"$(PROJECT_DIR)/trifle/Classes/Main/FastLogin(友盟)/share/share_ios_6.9.5",
					"$(PROJECT_DIR)/trifle/Classes/Main/FastLogin(友盟)/share/share_ios_6.9.5/UMSocialUI",
				);
				INFOPLIST_FILE = trifle/Info.plist;
				IPHONEOS_DEPLOYMENT_TARGET = 11;
				LD_RUNPATH_SEARCH_PATHS = (
					"$(inherited)",
					"@executable_path/Frameworks",
				);
				LIBRARY_SEARCH_PATHS = (
					"$(inherited)",
					"$(PROJECT_DIR)/trifle/Classes/Main/FastLogin(友盟)/share/share_ios_6.9.5/SocialLibraries/QQ",
					"$(PROJECT_DIR)/trifle/Classes/Main/FastLogin(友盟)/share/share_ios_6.9.5/SocialLibraries/Sina",
					"$(PROJECT_DIR)/trifle/Classes/Main/FastLogin(友盟)/share/share_ios_6.9.5/SocialLibraries/WeChat",
				);
				OTHER_LDFLAGS = (
					"$(inherited)",
					"-framework",
					"\"AFNetworking\"",
					"-framework",
					"\"SDWebImage\"",
					"-framework",
					"\"SVProgressHUD\"",
					"-framework",
					"\"SnapKit\"",
					"-ObjC",
				);
				PRODUCT_BUNDLE_IDENTIFIER = tone.trifle;
				PRODUCT_NAME = "$(TARGET_NAME)";
				SWIFT_OBJC_BRIDGING_HEADER = trifle/bridge.h;
				SWIFT_VERSION = 4.2;
				TARGETED_DEVICE_FAMILY = "1,2";
			};
			name = Release;
		};
/* End XCBuildConfiguration section */

/* Begin XCConfigurationList section */
		EEBC4FD2224B76420058B4E5 /* Build configuration list for PBXProject "trifle" */ = {
			isa = XCConfigurationList;
			buildConfigurations = (
				EEBC4FE7224B76460058B4E5 /* Debug */,
				EEBC4FE8224B76460058B4E5 /* Release */,
			);
			defaultConfigurationIsVisible = 0;
			defaultConfigurationName = Release;
		};
		EEBC4FE9224B76460058B4E5 /* Build configuration list for PBXNativeTarget "trifle" */ = {
			isa = XCConfigurationList;
			buildConfigurations = (
				EEBC4FEA224B76460058B4E5 /* Debug */,
				EEBC4FEB224B76460058B4E5 /* Release */,
			);
			defaultConfigurationIsVisible = 0;
			defaultConfigurationName = Release;
		};
/* End XCConfigurationList section */
	};
	rootObject = EEBC4FCF224B76420058B4E5 /* Project object */;
}
